// !$*UTF8*$!
{
	archiveVersion = 1;
	classes = {
	};
	objectVersion = 50;
	objects = {

/* Begin PBXBuildFile section */
		97375D4525C8A712007E9AC5 /* FavoritePrimes.framework in Frameworks */ = {isa = PBXBuildFile; fileRef = 97375D3C25C8A712007E9AC5 /* FavoritePrimes.framework */; };
		97375D4C25C8A712007E9AC5 /* FavoritePrimesTests.swift in Sources */ = {isa = PBXBuildFile; fileRef = 97375D4B25C8A712007E9AC5 /* FavoritePrimesTests.swift */; };
		97375D4E25C8A712007E9AC5 /* FavoritePrimes.h in Headers */ = {isa = PBXBuildFile; fileRef = 97375D3E25C8A712007E9AC5 /* FavoritePrimes.h */; settings = {ATTRIBUTES = (Public, ); }; };
		97375D5125C8A712007E9AC5 /* FavoritePrimes.framework in Frameworks */ = {isa = PBXBuildFile; fileRef = 97375D3C25C8A712007E9AC5 /* FavoritePrimes.framework */; };
		97375D5225C8A712007E9AC5 /* FavoritePrimes.framework in Embed Frameworks */ = {isa = PBXBuildFile; fileRef = 97375D3C25C8A712007E9AC5 /* FavoritePrimes.framework */; settings = {ATTRIBUTES = (CodeSignOnCopy, RemoveHeadersOnCopy, ); }; };
		97375D7525C8A7DF007E9AC5 /* FavoritePrimesReducer.swift in Sources */ = {isa = PBXBuildFile; fileRef = 97375D6B25C8A751007E9AC5 /* FavoritePrimesReducer.swift */; };
		97375D7625C8A7DF007E9AC5 /* FavoritePrimesView.swift in Sources */ = {isa = PBXBuildFile; fileRef = 97375D6125C8A72C007E9AC5 /* FavoritePrimesView.swift */; };
		97375DA525C8AF77007E9AC5 /* PrimeModal.framework in Frameworks */ = {isa = PBXBuildFile; fileRef = 97375D9C25C8AF77007E9AC5 /* PrimeModal.framework */; };
		97375DAC25C8AF77007E9AC5 /* PrimeModalTests.swift in Sources */ = {isa = PBXBuildFile; fileRef = 97375DAB25C8AF77007E9AC5 /* PrimeModalTests.swift */; };
		97375DAE25C8AF77007E9AC5 /* PrimeModal.h in Headers */ = {isa = PBXBuildFile; fileRef = 97375D9E25C8AF77007E9AC5 /* PrimeModal.h */; settings = {ATTRIBUTES = (Public, ); }; };
		97375DB125C8AF77007E9AC5 /* PrimeModal.framework in Frameworks */ = {isa = PBXBuildFile; fileRef = 97375D9C25C8AF77007E9AC5 /* PrimeModal.framework */; };
		97375DB225C8AF77007E9AC5 /* PrimeModal.framework in Embed Frameworks */ = {isa = PBXBuildFile; fileRef = 97375D9C25C8AF77007E9AC5 /* PrimeModal.framework */; settings = {ATTRIBUTES = (CodeSignOnCopy, RemoveHeadersOnCopy, ); }; };
		97375DC325C8AF88007E9AC5 /* PrimeModalReducer.swift in Sources */ = {isa = PBXBuildFile; fileRef = 97DD421F25C765500049FF78 /* PrimeModalReducer.swift */; };
		97375DCE25C8AFA2007E9AC5 /* IsPrimeModalView.swift in Sources */ = {isa = PBXBuildFile; fileRef = 973A52BE25BCCB50004BD18A /* IsPrimeModalView.swift */; };
		97375DF125C8B6FB007E9AC5 /* Counter.framework in Frameworks */ = {isa = PBXBuildFile; fileRef = 97375DE825C8B6FA007E9AC5 /* Counter.framework */; };
		97375DF825C8B6FB007E9AC5 /* CounterTests.swift in Sources */ = {isa = PBXBuildFile; fileRef = 97375DF725C8B6FB007E9AC5 /* CounterTests.swift */; };
		97375DFA25C8B6FB007E9AC5 /* Counter.h in Headers */ = {isa = PBXBuildFile; fileRef = 97375DEA25C8B6FA007E9AC5 /* Counter.h */; settings = {ATTRIBUTES = (Public, ); }; };
		97375DFD25C8B6FB007E9AC5 /* Counter.framework in Frameworks */ = {isa = PBXBuildFile; fileRef = 97375DE825C8B6FA007E9AC5 /* Counter.framework */; };
		97375DFE25C8B6FB007E9AC5 /* Counter.framework in Embed Frameworks */ = {isa = PBXBuildFile; fileRef = 97375DE825C8B6FA007E9AC5 /* Counter.framework */; settings = {ATTRIBUTES = (CodeSignOnCopy, RemoveHeadersOnCopy, ); }; };
		97375E1125C8B70A007E9AC5 /* CounterView.swift in Sources */ = {isa = PBXBuildFile; fileRef = 97754F7825BCB9560099EDDC /* CounterView.swift */; };
		97375E1E25C8B716007E9AC5 /* CounterReducer.swift in Sources */ = {isa = PBXBuildFile; fileRef = 97DD421725C764D10049FF78 /* CounterReducer.swift */; };
		97375E4325C8B745007E9AC5 /* WebRequestsService.swift in Sources */ = {isa = PBXBuildFile; fileRef = 973A52CD25BCD31C004BD18A /* WebRequestsService.swift */; };
		97375E5025C8B77E007E9AC5 /* WolframAlphaResult.swift in Sources */ = {isa = PBXBuildFile; fileRef = 973A52C425BCD266004BD18A /* WolframAlphaResult.swift */; };
		97754F4125BCB9190099EDDC /* AppDelegate.swift in Sources */ = {isa = PBXBuildFile; fileRef = 97754F4025BCB9190099EDDC /* AppDelegate.swift */; };
		97754F4325BCB9190099EDDC /* SceneDelegate.swift in Sources */ = {isa = PBXBuildFile; fileRef = 97754F4225BCB9190099EDDC /* SceneDelegate.swift */; };
		97754F4525BCB9190099EDDC /* ContentView.swift in Sources */ = {isa = PBXBuildFile; fileRef = 97754F4425BCB9190099EDDC /* ContentView.swift */; };
		97754F4725BCB91B0099EDDC /* Assets.xcassets in Resources */ = {isa = PBXBuildFile; fileRef = 97754F4625BCB91B0099EDDC /* Assets.xcassets */; };
		97754F4A25BCB91B0099EDDC /* Preview Assets.xcassets in Resources */ = {isa = PBXBuildFile; fileRef = 97754F4925BCB91B0099EDDC /* Preview Assets.xcassets */; };
		97754F4D25BCB91B0099EDDC /* LaunchScreen.storyboard in Resources */ = {isa = PBXBuildFile; fileRef = 97754F4B25BCB91B0099EDDC /* LaunchScreen.storyboard */; };
		97754F5825BCB91B0099EDDC /* SwiftUIAndStateMgmntTests.swift in Sources */ = {isa = PBXBuildFile; fileRef = 97754F5725BCB91B0099EDDC /* SwiftUIAndStateMgmntTests.swift */; };
		97754F6325BCB91B0099EDDC /* SwiftUIAndStateMgmntUITests.swift in Sources */ = {isa = PBXBuildFile; fileRef = 97754F6225BCB91B0099EDDC /* SwiftUIAndStateMgmntUITests.swift */; };
		97754F7425BCB93A0099EDDC /* AppState.swift in Sources */ = {isa = PBXBuildFile; fileRef = 97754F7325BCB93A0099EDDC /* AppState.swift */; };
		9778CB0825BE0FC600E969CF /* AppActions.swift in Sources */ = {isa = PBXBuildFile; fileRef = 9778CB0725BE0FC600E969CF /* AppActions.swift */; };
		9778CB1025BE28E400E969CF /* Reducers.swift in Sources */ = {isa = PBXBuildFile; fileRef = 9778CB0F25BE28E400E969CF /* Reducers.swift */; };
		9778CB1525BE3E6000E969CF /* FavoritePrimesState.swift in Sources */ = {isa = PBXBuildFile; fileRef = 9778CB1425BE3E6000E969CF /* FavoritePrimesState.swift */; };
		97DD41B925C7604E0049FF78 /* Reducers.framework in Frameworks */ = {isa = PBXBuildFile; fileRef = 97DD41B025C7604E0049FF78 /* Reducers.framework */; };
		97DD41C025C7604E0049FF78 /* ReducersTests.swift in Sources */ = {isa = PBXBuildFile; fileRef = 97DD41BF25C7604E0049FF78 /* ReducersTests.swift */; };
		97DD41C225C7604E0049FF78 /* Reducers.h in Headers */ = {isa = PBXBuildFile; fileRef = 97DD41B225C7604E0049FF78 /* Reducers.h */; settings = {ATTRIBUTES = (Public, ); }; };
		97DD41C525C7604E0049FF78 /* Reducers.framework in Frameworks */ = {isa = PBXBuildFile; fileRef = 97DD41B025C7604E0049FF78 /* Reducers.framework */; };
		97DD41C625C7604E0049FF78 /* Reducers.framework in Embed Frameworks */ = {isa = PBXBuildFile; fileRef = 97DD41B025C7604E0049FF78 /* Reducers.framework */; settings = {ATTRIBUTES = (CodeSignOnCopy, RemoveHeadersOnCopy, ); }; };
		97DD41E025C760AA0049FF78 /* ComposableArchitecture.framework in Frameworks */ = {isa = PBXBuildFile; fileRef = 97DD41D725C760AA0049FF78 /* ComposableArchitecture.framework */; };
		97DD41E725C760AA0049FF78 /* ComposableArchitectureTests.swift in Sources */ = {isa = PBXBuildFile; fileRef = 97DD41E625C760AA0049FF78 /* ComposableArchitectureTests.swift */; };
		97DD41E925C760AA0049FF78 /* ComposableArchitecture.h in Headers */ = {isa = PBXBuildFile; fileRef = 97DD41D925C760AA0049FF78 /* ComposableArchitecture.h */; settings = {ATTRIBUTES = (Public, ); }; };
		97DD41EC25C760AA0049FF78 /* ComposableArchitecture.framework in Frameworks */ = {isa = PBXBuildFile; fileRef = 97DD41D725C760AA0049FF78 /* ComposableArchitecture.framework */; };
		97DD41ED25C760AA0049FF78 /* ComposableArchitecture.framework in Embed Frameworks */ = {isa = PBXBuildFile; fileRef = 97DD41D725C760AA0049FF78 /* ComposableArchitecture.framework */; settings = {ATTRIBUTES = (CodeSignOnCopy, RemoveHeadersOnCopy, ); }; };
		97DD41FA25C760DA0049FF78 /* Store.swift in Sources */ = {isa = PBXBuildFile; fileRef = 9778CB0225BE0C0300E969CF /* Store.swift */; };
		97DD420225C7610A0049FF78 /* ComposeFunctions.swift in Sources */ = {isa = PBXBuildFile; fileRef = 97DD420125C7610A0049FF78 /* ComposeFunctions.swift */; };
/* End PBXBuildFile section */

/* Begin PBXContainerItemProxy section */
		97375D4625C8A712007E9AC5 /* PBXContainerItemProxy */ = {
			isa = PBXContainerItemProxy;
			containerPortal = 97754F3525BCB9190099EDDC /* Project object */;
			proxyType = 1;
			remoteGlobalIDString = 97375D3B25C8A712007E9AC5;
			remoteInfo = FavoritePrimes;
		};
		97375D4825C8A712007E9AC5 /* PBXContainerItemProxy */ = {
			isa = PBXContainerItemProxy;
			containerPortal = 97754F3525BCB9190099EDDC /* Project object */;
			proxyType = 1;
			remoteGlobalIDString = 97754F3C25BCB9190099EDDC;
			remoteInfo = SwiftUIAndStateMgmnt;
		};
		97375D4F25C8A712007E9AC5 /* PBXContainerItemProxy */ = {
			isa = PBXContainerItemProxy;
			containerPortal = 97754F3525BCB9190099EDDC /* Project object */;
			proxyType = 1;
			remoteGlobalIDString = 97375D3B25C8A712007E9AC5;
			remoteInfo = FavoritePrimes;
		};
		97375DA625C8AF77007E9AC5 /* PBXContainerItemProxy */ = {
			isa = PBXContainerItemProxy;
			containerPortal = 97754F3525BCB9190099EDDC /* Project object */;
			proxyType = 1;
			remoteGlobalIDString = 97375D9B25C8AF77007E9AC5;
			remoteInfo = PrimeModal;
		};
		97375DA825C8AF77007E9AC5 /* PBXContainerItemProxy */ = {
			isa = PBXContainerItemProxy;
			containerPortal = 97754F3525BCB9190099EDDC /* Project object */;
			proxyType = 1;
			remoteGlobalIDString = 97754F3C25BCB9190099EDDC;
			remoteInfo = SwiftUIAndStateMgmnt;
		};
		97375DAF25C8AF77007E9AC5 /* PBXContainerItemProxy */ = {
			isa = PBXContainerItemProxy;
			containerPortal = 97754F3525BCB9190099EDDC /* Project object */;
			proxyType = 1;
			remoteGlobalIDString = 97375D9B25C8AF77007E9AC5;
			remoteInfo = PrimeModal;
		};
		97375DF225C8B6FB007E9AC5 /* PBXContainerItemProxy */ = {
			isa = PBXContainerItemProxy;
			containerPortal = 97754F3525BCB9190099EDDC /* Project object */;
			proxyType = 1;
			remoteGlobalIDString = 97375DE725C8B6FA007E9AC5;
			remoteInfo = Counter;
		};
		97375DF425C8B6FB007E9AC5 /* PBXContainerItemProxy */ = {
			isa = PBXContainerItemProxy;
			containerPortal = 97754F3525BCB9190099EDDC /* Project object */;
			proxyType = 1;
			remoteGlobalIDString = 97754F3C25BCB9190099EDDC;
			remoteInfo = SwiftUIAndStateMgmnt;
		};
		97375DFB25C8B6FB007E9AC5 /* PBXContainerItemProxy */ = {
			isa = PBXContainerItemProxy;
			containerPortal = 97754F3525BCB9190099EDDC /* Project object */;
			proxyType = 1;
			remoteGlobalIDString = 97375DE725C8B6FA007E9AC5;
			remoteInfo = Counter;
		};
		97754F5425BCB91B0099EDDC /* PBXContainerItemProxy */ = {
			isa = PBXContainerItemProxy;
			containerPortal = 97754F3525BCB9190099EDDC /* Project object */;
			proxyType = 1;
			remoteGlobalIDString = 97754F3C25BCB9190099EDDC;
			remoteInfo = SwiftUIAndStateMgmnt;
		};
		97754F5F25BCB91B0099EDDC /* PBXContainerItemProxy */ = {
			isa = PBXContainerItemProxy;
			containerPortal = 97754F3525BCB9190099EDDC /* Project object */;
			proxyType = 1;
			remoteGlobalIDString = 97754F3C25BCB9190099EDDC;
			remoteInfo = SwiftUIAndStateMgmnt;
		};
		97DD41BA25C7604E0049FF78 /* PBXContainerItemProxy */ = {
			isa = PBXContainerItemProxy;
			containerPortal = 97754F3525BCB9190099EDDC /* Project object */;
			proxyType = 1;
			remoteGlobalIDString = 97DD41AF25C7604E0049FF78;
			remoteInfo = Reducers;
		};
		97DD41BC25C7604E0049FF78 /* PBXContainerItemProxy */ = {
			isa = PBXContainerItemProxy;
			containerPortal = 97754F3525BCB9190099EDDC /* Project object */;
			proxyType = 1;
			remoteGlobalIDString = 97754F3C25BCB9190099EDDC;
			remoteInfo = SwiftUIAndStateMgmnt;
		};
		97DD41C325C7604E0049FF78 /* PBXContainerItemProxy */ = {
			isa = PBXContainerItemProxy;
			containerPortal = 97754F3525BCB9190099EDDC /* Project object */;
			proxyType = 1;
			remoteGlobalIDString = 97DD41AF25C7604E0049FF78;
			remoteInfo = Reducers;
		};
		97DD41E125C760AA0049FF78 /* PBXContainerItemProxy */ = {
			isa = PBXContainerItemProxy;
			containerPortal = 97754F3525BCB9190099EDDC /* Project object */;
			proxyType = 1;
			remoteGlobalIDString = 97DD41D625C760AA0049FF78;
			remoteInfo = ComposableArchitecture;
		};
		97DD41E325C760AA0049FF78 /* PBXContainerItemProxy */ = {
			isa = PBXContainerItemProxy;
			containerPortal = 97754F3525BCB9190099EDDC /* Project object */;
			proxyType = 1;
			remoteGlobalIDString = 97754F3C25BCB9190099EDDC;
			remoteInfo = SwiftUIAndStateMgmnt;
		};
		97DD41EA25C760AA0049FF78 /* PBXContainerItemProxy */ = {
			isa = PBXContainerItemProxy;
			containerPortal = 97754F3525BCB9190099EDDC /* Project object */;
			proxyType = 1;
			remoteGlobalIDString = 97DD41D625C760AA0049FF78;
			remoteInfo = ComposableArchitecture;
		};
/* End PBXContainerItemProxy section */

/* Begin PBXCopyFilesBuildPhase section */
		97DD41C725C7604E0049FF78 /* Embed Frameworks */ = {
			isa = PBXCopyFilesBuildPhase;
			buildActionMask = 2147483647;
			dstPath = "";
			dstSubfolderSpec = 10;
			files = (
				97375DFE25C8B6FB007E9AC5 /* Counter.framework in Embed Frameworks */,
				97DD41ED25C760AA0049FF78 /* ComposableArchitecture.framework in Embed Frameworks */,
				97DD41C625C7604E0049FF78 /* Reducers.framework in Embed Frameworks */,
				97375DB225C8AF77007E9AC5 /* PrimeModal.framework in Embed Frameworks */,
				97375D5225C8A712007E9AC5 /* FavoritePrimes.framework in Embed Frameworks */,
			);
			name = "Embed Frameworks";
			runOnlyForDeploymentPostprocessing = 0;
		};
/* End PBXCopyFilesBuildPhase section */

/* Begin PBXFileReference section */
		97375D3C25C8A712007E9AC5 /* FavoritePrimes.framework */ = {isa = PBXFileReference; explicitFileType = wrapper.framework; includeInIndex = 0; path = FavoritePrimes.framework; sourceTree = BUILT_PRODUCTS_DIR; };
		97375D3E25C8A712007E9AC5 /* FavoritePrimes.h */ = {isa = PBXFileReference; lastKnownFileType = sourcecode.c.h; path = FavoritePrimes.h; sourceTree = "<group>"; };
		97375D3F25C8A712007E9AC5 /* Info.plist */ = {isa = PBXFileReference; lastKnownFileType = text.plist.xml; path = Info.plist; sourceTree = "<group>"; };
		97375D4425C8A712007E9AC5 /* FavoritePrimesTests.xctest */ = {isa = PBXFileReference; explicitFileType = wrapper.cfbundle; includeInIndex = 0; path = FavoritePrimesTests.xctest; sourceTree = BUILT_PRODUCTS_DIR; };
		97375D4B25C8A712007E9AC5 /* FavoritePrimesTests.swift */ = {isa = PBXFileReference; lastKnownFileType = sourcecode.swift; path = FavoritePrimesTests.swift; sourceTree = "<group>"; };
		97375D4D25C8A712007E9AC5 /* Info.plist */ = {isa = PBXFileReference; lastKnownFileType = text.plist.xml; path = Info.plist; sourceTree = "<group>"; };
		97375D6125C8A72C007E9AC5 /* FavoritePrimesView.swift */ = {isa = PBXFileReference; lastKnownFileType = sourcecode.swift; path = FavoritePrimesView.swift; sourceTree = "<group>"; };
		97375D6B25C8A751007E9AC5 /* FavoritePrimesReducer.swift */ = {isa = PBXFileReference; lastKnownFileType = sourcecode.swift; path = FavoritePrimesReducer.swift; sourceTree = "<group>"; };
		97375D9C25C8AF77007E9AC5 /* PrimeModal.framework */ = {isa = PBXFileReference; explicitFileType = wrapper.framework; includeInIndex = 0; path = PrimeModal.framework; sourceTree = BUILT_PRODUCTS_DIR; };
		97375D9E25C8AF77007E9AC5 /* PrimeModal.h */ = {isa = PBXFileReference; lastKnownFileType = sourcecode.c.h; path = PrimeModal.h; sourceTree = "<group>"; };
		97375D9F25C8AF77007E9AC5 /* Info.plist */ = {isa = PBXFileReference; lastKnownFileType = text.plist.xml; path = Info.plist; sourceTree = "<group>"; };
		97375DA425C8AF77007E9AC5 /* PrimeModalTests.xctest */ = {isa = PBXFileReference; explicitFileType = wrapper.cfbundle; includeInIndex = 0; path = PrimeModalTests.xctest; sourceTree = BUILT_PRODUCTS_DIR; };
		97375DAB25C8AF77007E9AC5 /* PrimeModalTests.swift */ = {isa = PBXFileReference; lastKnownFileType = sourcecode.swift; path = PrimeModalTests.swift; sourceTree = "<group>"; };
		97375DAD25C8AF77007E9AC5 /* Info.plist */ = {isa = PBXFileReference; lastKnownFileType = text.plist.xml; path = Info.plist; sourceTree = "<group>"; };
		97375DE825C8B6FA007E9AC5 /* Counter.framework */ = {isa = PBXFileReference; explicitFileType = wrapper.framework; includeInIndex = 0; path = Counter.framework; sourceTree = BUILT_PRODUCTS_DIR; };
		97375DEA25C8B6FA007E9AC5 /* Counter.h */ = {isa = PBXFileReference; lastKnownFileType = sourcecode.c.h; path = Counter.h; sourceTree = "<group>"; };
		97375DEB25C8B6FA007E9AC5 /* Info.plist */ = {isa = PBXFileReference; lastKnownFileType = text.plist.xml; path = Info.plist; sourceTree = "<group>"; };
		97375DF025C8B6FB007E9AC5 /* CounterTests.xctest */ = {isa = PBXFileReference; explicitFileType = wrapper.cfbundle; includeInIndex = 0; path = CounterTests.xctest; sourceTree = BUILT_PRODUCTS_DIR; };
		97375DF725C8B6FB007E9AC5 /* CounterTests.swift */ = {isa = PBXFileReference; lastKnownFileType = sourcecode.swift; path = CounterTests.swift; sourceTree = "<group>"; };
		97375DF925C8B6FB007E9AC5 /* Info.plist */ = {isa = PBXFileReference; lastKnownFileType = text.plist.xml; path = Info.plist; sourceTree = "<group>"; };
		973A52BE25BCCB50004BD18A /* IsPrimeModalView.swift */ = {isa = PBXFileReference; lastKnownFileType = sourcecode.swift; path = IsPrimeModalView.swift; sourceTree = "<group>"; };
		973A52C425BCD266004BD18A /* WolframAlphaResult.swift */ = {isa = PBXFileReference; lastKnownFileType = sourcecode.swift; path = WolframAlphaResult.swift; sourceTree = "<group>"; };
		973A52CD25BCD31C004BD18A /* WebRequestsService.swift */ = {isa = PBXFileReference; lastKnownFileType = sourcecode.swift; path = WebRequestsService.swift; sourceTree = "<group>"; };
		97754F3D25BCB9190099EDDC /* SwiftUIAndStateMgmnt.app */ = {isa = PBXFileReference; explicitFileType = wrapper.application; includeInIndex = 0; path = SwiftUIAndStateMgmnt.app; sourceTree = BUILT_PRODUCTS_DIR; };
		97754F4025BCB9190099EDDC /* AppDelegate.swift */ = {isa = PBXFileReference; lastKnownFileType = sourcecode.swift; path = AppDelegate.swift; sourceTree = "<group>"; };
		97754F4225BCB9190099EDDC /* SceneDelegate.swift */ = {isa = PBXFileReference; lastKnownFileType = sourcecode.swift; path = SceneDelegate.swift; sourceTree = "<group>"; };
		97754F4425BCB9190099EDDC /* ContentView.swift */ = {isa = PBXFileReference; lastKnownFileType = sourcecode.swift; path = ContentView.swift; sourceTree = "<group>"; };
		97754F4625BCB91B0099EDDC /* Assets.xcassets */ = {isa = PBXFileReference; lastKnownFileType = folder.assetcatalog; path = Assets.xcassets; sourceTree = "<group>"; };
		97754F4925BCB91B0099EDDC /* Preview Assets.xcassets */ = {isa = PBXFileReference; lastKnownFileType = folder.assetcatalog; path = "Preview Assets.xcassets"; sourceTree = "<group>"; };
		97754F4C25BCB91B0099EDDC /* Base */ = {isa = PBXFileReference; lastKnownFileType = file.storyboard; name = Base; path = Base.lproj/LaunchScreen.storyboard; sourceTree = "<group>"; };
		97754F4E25BCB91B0099EDDC /* Info.plist */ = {isa = PBXFileReference; lastKnownFileType = text.plist.xml; path = Info.plist; sourceTree = "<group>"; };
		97754F5325BCB91B0099EDDC /* SwiftUIAndStateMgmntTests.xctest */ = {isa = PBXFileReference; explicitFileType = wrapper.cfbundle; includeInIndex = 0; path = SwiftUIAndStateMgmntTests.xctest; sourceTree = BUILT_PRODUCTS_DIR; };
		97754F5725BCB91B0099EDDC /* SwiftUIAndStateMgmntTests.swift */ = {isa = PBXFileReference; lastKnownFileType = sourcecode.swift; path = SwiftUIAndStateMgmntTests.swift; sourceTree = "<group>"; };
		97754F5925BCB91B0099EDDC /* Info.plist */ = {isa = PBXFileReference; lastKnownFileType = text.plist.xml; path = Info.plist; sourceTree = "<group>"; };
		97754F5E25BCB91B0099EDDC /* SwiftUIAndStateMgmntUITests.xctest */ = {isa = PBXFileReference; explicitFileType = wrapper.cfbundle; includeInIndex = 0; path = SwiftUIAndStateMgmntUITests.xctest; sourceTree = BUILT_PRODUCTS_DIR; };
		97754F6225BCB91B0099EDDC /* SwiftUIAndStateMgmntUITests.swift */ = {isa = PBXFileReference; lastKnownFileType = sourcecode.swift; path = SwiftUIAndStateMgmntUITests.swift; sourceTree = "<group>"; };
		97754F6425BCB91B0099EDDC /* Info.plist */ = {isa = PBXFileReference; lastKnownFileType = text.plist.xml; path = Info.plist; sourceTree = "<group>"; };
		97754F7325BCB93A0099EDDC /* AppState.swift */ = {isa = PBXFileReference; lastKnownFileType = sourcecode.swift; path = AppState.swift; sourceTree = "<group>"; };
		97754F7825BCB9560099EDDC /* CounterView.swift */ = {isa = PBXFileReference; lastKnownFileType = sourcecode.swift; path = CounterView.swift; sourceTree = "<group>"; };
		9778CB0225BE0C0300E969CF /* Store.swift */ = {isa = PBXFileReference; lastKnownFileType = sourcecode.swift; path = Store.swift; sourceTree = "<group>"; };
		9778CB0725BE0FC600E969CF /* AppActions.swift */ = {isa = PBXFileReference; lastKnownFileType = sourcecode.swift; path = AppActions.swift; sourceTree = "<group>"; };
		9778CB0F25BE28E400E969CF /* Reducers.swift */ = {isa = PBXFileReference; lastKnownFileType = sourcecode.swift; path = Reducers.swift; sourceTree = "<group>"; };
		9778CB1425BE3E6000E969CF /* FavoritePrimesState.swift */ = {isa = PBXFileReference; lastKnownFileType = sourcecode.swift; path = FavoritePrimesState.swift; sourceTree = "<group>"; };
		97DD41B025C7604E0049FF78 /* Reducers.framework */ = {isa = PBXFileReference; explicitFileType = wrapper.framework; includeInIndex = 0; path = Reducers.framework; sourceTree = BUILT_PRODUCTS_DIR; };
		97DD41B225C7604E0049FF78 /* Reducers.h */ = {isa = PBXFileReference; lastKnownFileType = sourcecode.c.h; path = Reducers.h; sourceTree = "<group>"; };
		97DD41B325C7604E0049FF78 /* Info.plist */ = {isa = PBXFileReference; lastKnownFileType = text.plist.xml; path = Info.plist; sourceTree = "<group>"; };
		97DD41B825C7604E0049FF78 /* ReducersTests.xctest */ = {isa = PBXFileReference; explicitFileType = wrapper.cfbundle; includeInIndex = 0; path = ReducersTests.xctest; sourceTree = BUILT_PRODUCTS_DIR; };
		97DD41BF25C7604E0049FF78 /* ReducersTests.swift */ = {isa = PBXFileReference; lastKnownFileType = sourcecode.swift; path = ReducersTests.swift; sourceTree = "<group>"; };
		97DD41C125C7604E0049FF78 /* Info.plist */ = {isa = PBXFileReference; lastKnownFileType = text.plist.xml; path = Info.plist; sourceTree = "<group>"; };
		97DD41D725C760AA0049FF78 /* ComposableArchitecture.framework */ = {isa = PBXFileReference; explicitFileType = wrapper.framework; includeInIndex = 0; path = ComposableArchitecture.framework; sourceTree = BUILT_PRODUCTS_DIR; };
		97DD41D925C760AA0049FF78 /* ComposableArchitecture.h */ = {isa = PBXFileReference; lastKnownFileType = sourcecode.c.h; path = ComposableArchitecture.h; sourceTree = "<group>"; };
		97DD41DA25C760AA0049FF78 /* Info.plist */ = {isa = PBXFileReference; lastKnownFileType = text.plist.xml; path = Info.plist; sourceTree = "<group>"; };
		97DD41DF25C760AA0049FF78 /* ComposableArchitectureTests.xctest */ = {isa = PBXFileReference; explicitFileType = wrapper.cfbundle; includeInIndex = 0; path = ComposableArchitectureTests.xctest; sourceTree = BUILT_PRODUCTS_DIR; };
		97DD41E625C760AA0049FF78 /* ComposableArchitectureTests.swift */ = {isa = PBXFileReference; lastKnownFileType = sourcecode.swift; path = ComposableArchitectureTests.swift; sourceTree = "<group>"; };
		97DD41E825C760AA0049FF78 /* Info.plist */ = {isa = PBXFileReference; lastKnownFileType = text.plist.xml; path = Info.plist; sourceTree = "<group>"; };
		97DD420125C7610A0049FF78 /* ComposeFunctions.swift */ = {isa = PBXFileReference; lastKnownFileType = sourcecode.swift; path = ComposeFunctions.swift; sourceTree = "<group>"; };
		97DD421725C764D10049FF78 /* CounterReducer.swift */ = {isa = PBXFileReference; lastKnownFileType = sourcecode.swift; path = CounterReducer.swift; sourceTree = "<group>"; };
		97DD421F25C765500049FF78 /* PrimeModalReducer.swift */ = {isa = PBXFileReference; lastKnownFileType = sourcecode.swift; path = PrimeModalReducer.swift; sourceTree = "<group>"; };
/* End PBXFileReference section */

/* Begin PBXFrameworksBuildPhase section */
		97375D3925C8A712007E9AC5 /* Frameworks */ = {
			isa = PBXFrameworksBuildPhase;
			buildActionMask = 2147483647;
			files = (
			);
			runOnlyForDeploymentPostprocessing = 0;
		};
		97375D4125C8A712007E9AC5 /* Frameworks */ = {
			isa = PBXFrameworksBuildPhase;
			buildActionMask = 2147483647;
			files = (
				97375D4525C8A712007E9AC5 /* FavoritePrimes.framework in Frameworks */,
			);
			runOnlyForDeploymentPostprocessing = 0;
		};
		97375D9925C8AF77007E9AC5 /* Frameworks */ = {
			isa = PBXFrameworksBuildPhase;
			buildActionMask = 2147483647;
			files = (
			);
			runOnlyForDeploymentPostprocessing = 0;
		};
		97375DA125C8AF77007E9AC5 /* Frameworks */ = {
			isa = PBXFrameworksBuildPhase;
			buildActionMask = 2147483647;
			files = (
				97375DA525C8AF77007E9AC5 /* PrimeModal.framework in Frameworks */,
			);
			runOnlyForDeploymentPostprocessing = 0;
		};
		97375DE525C8B6FA007E9AC5 /* Frameworks */ = {
			isa = PBXFrameworksBuildPhase;
			buildActionMask = 2147483647;
			files = (
			);
			runOnlyForDeploymentPostprocessing = 0;
		};
		97375DED25C8B6FB007E9AC5 /* Frameworks */ = {
			isa = PBXFrameworksBuildPhase;
			buildActionMask = 2147483647;
			files = (
				97375DF125C8B6FB007E9AC5 /* Counter.framework in Frameworks */,
			);
			runOnlyForDeploymentPostprocessing = 0;
		};
		97754F3A25BCB9190099EDDC /* Frameworks */ = {
			isa = PBXFrameworksBuildPhase;
			buildActionMask = 2147483647;
			files = (
				97375DFD25C8B6FB007E9AC5 /* Counter.framework in Frameworks */,
				97DD41EC25C760AA0049FF78 /* ComposableArchitecture.framework in Frameworks */,
				97DD41C525C7604E0049FF78 /* Reducers.framework in Frameworks */,
				97375DB125C8AF77007E9AC5 /* PrimeModal.framework in Frameworks */,
				97375D5125C8A712007E9AC5 /* FavoritePrimes.framework in Frameworks */,
			);
			runOnlyForDeploymentPostprocessing = 0;
		};
		97754F5025BCB91B0099EDDC /* Frameworks */ = {
			isa = PBXFrameworksBuildPhase;
			buildActionMask = 2147483647;
			files = (
			);
			runOnlyForDeploymentPostprocessing = 0;
		};
		97754F5B25BCB91B0099EDDC /* Frameworks */ = {
			isa = PBXFrameworksBuildPhase;
			buildActionMask = 2147483647;
			files = (
			);
			runOnlyForDeploymentPostprocessing = 0;
		};
		97DD41AD25C7604E0049FF78 /* Frameworks */ = {
			isa = PBXFrameworksBuildPhase;
			buildActionMask = 2147483647;
			files = (
			);
			runOnlyForDeploymentPostprocessing = 0;
		};
		97DD41B525C7604E0049FF78 /* Frameworks */ = {
			isa = PBXFrameworksBuildPhase;
			buildActionMask = 2147483647;
			files = (
				97DD41B925C7604E0049FF78 /* Reducers.framework in Frameworks */,
			);
			runOnlyForDeploymentPostprocessing = 0;
		};
		97DD41D425C760AA0049FF78 /* Frameworks */ = {
			isa = PBXFrameworksBuildPhase;
			buildActionMask = 2147483647;
			files = (
			);
			runOnlyForDeploymentPostprocessing = 0;
		};
		97DD41DC25C760AA0049FF78 /* Frameworks */ = {
			isa = PBXFrameworksBuildPhase;
			buildActionMask = 2147483647;
			files = (
				97DD41E025C760AA0049FF78 /* ComposableArchitecture.framework in Frameworks */,
			);
			runOnlyForDeploymentPostprocessing = 0;
		};
/* End PBXFrameworksBuildPhase section */

/* Begin PBXGroup section */
		97375D3D25C8A712007E9AC5 /* FavoritePrimes */ = {
			isa = PBXGroup;
			children = (
				97375D6125C8A72C007E9AC5 /* FavoritePrimesView.swift */,
				97375D6B25C8A751007E9AC5 /* FavoritePrimesReducer.swift */,
				97375D3E25C8A712007E9AC5 /* FavoritePrimes.h */,
				97375D3F25C8A712007E9AC5 /* Info.plist */,
			);
			path = FavoritePrimes;
			sourceTree = "<group>";
		};
		97375D4A25C8A712007E9AC5 /* FavoritePrimesTests */ = {
			isa = PBXGroup;
			children = (
				97375D4B25C8A712007E9AC5 /* FavoritePrimesTests.swift */,
				97375D4D25C8A712007E9AC5 /* Info.plist */,
			);
			path = FavoritePrimesTests;
			sourceTree = "<group>";
		};
		97375D9D25C8AF77007E9AC5 /* PrimeModal */ = {
			isa = PBXGroup;
			children = (
				973A52BE25BCCB50004BD18A /* IsPrimeModalView.swift */,
				97DD421F25C765500049FF78 /* PrimeModalReducer.swift */,
				97375D9E25C8AF77007E9AC5 /* PrimeModal.h */,
				97375D9F25C8AF77007E9AC5 /* Info.plist */,
			);
			path = PrimeModal;
			sourceTree = "<group>";
		};
		97375DAA25C8AF77007E9AC5 /* PrimeModalTests */ = {
			isa = PBXGroup;
			children = (
				97375DAB25C8AF77007E9AC5 /* PrimeModalTests.swift */,
				97375DAD25C8AF77007E9AC5 /* Info.plist */,
			);
			path = PrimeModalTests;
			sourceTree = "<group>";
		};
		97375DE925C8B6FA007E9AC5 /* Counter */ = {
			isa = PBXGroup;
			children = (
				973A52C425BCD266004BD18A /* WolframAlphaResult.swift */,
				973A52CD25BCD31C004BD18A /* WebRequestsService.swift */,
				97754F7825BCB9560099EDDC /* CounterView.swift */,
				97DD421725C764D10049FF78 /* CounterReducer.swift */,
				97375DEA25C8B6FA007E9AC5 /* Counter.h */,
				97375DEB25C8B6FA007E9AC5 /* Info.plist */,
			);
			path = Counter;
			sourceTree = "<group>";
		};
		97375DF625C8B6FB007E9AC5 /* CounterTests */ = {
			isa = PBXGroup;
			children = (
				97375DF725C8B6FB007E9AC5 /* CounterTests.swift */,
				97375DF925C8B6FB007E9AC5 /* Info.plist */,
			);
			path = CounterTests;
			sourceTree = "<group>";
		};
		973A52C325BCD248004BD18A /* Models */ = {
			isa = PBXGroup;
			children = (
				97754F7325BCB93A0099EDDC /* AppState.swift */,
				9778CB1425BE3E6000E969CF /* FavoritePrimesState.swift */,
				9778CB0725BE0FC600E969CF /* AppActions.swift */,
			);
			path = Models;
			sourceTree = "<group>";
		};
		973A52CC25BCD30C004BD18A /* Services */ = {
			isa = PBXGroup;
			children = (
				9778CB0F25BE28E400E969CF /* Reducers.swift */,
			);
			path = Services;
			sourceTree = "<group>";
		};
		97754F3425BCB9190099EDDC = {
			isa = PBXGroup;
			children = (
				97754F3F25BCB9190099EDDC /* SwiftUIAndStateMgmnt */,
				97754F5625BCB91B0099EDDC /* SwiftUIAndStateMgmntTests */,
				97754F6125BCB91B0099EDDC /* SwiftUIAndStateMgmntUITests */,
				97DD41B125C7604E0049FF78 /* Reducers */,
				97DD41BE25C7604E0049FF78 /* ReducersTests */,
				97DD41D825C760AA0049FF78 /* ComposableArchitecture */,
				97DD41E525C760AA0049FF78 /* ComposableArchitectureTests */,
				97375D3D25C8A712007E9AC5 /* FavoritePrimes */,
				97375D4A25C8A712007E9AC5 /* FavoritePrimesTests */,
				97375D9D25C8AF77007E9AC5 /* PrimeModal */,
				97375DAA25C8AF77007E9AC5 /* PrimeModalTests */,
				97375DE925C8B6FA007E9AC5 /* Counter */,
				97375DF625C8B6FB007E9AC5 /* CounterTests */,
				97754F3E25BCB9190099EDDC /* Products */,
			);
			sourceTree = "<group>";
		};
		97754F3E25BCB9190099EDDC /* Products */ = {
			isa = PBXGroup;
			children = (
				97754F3D25BCB9190099EDDC /* SwiftUIAndStateMgmnt.app */,
				97754F5325BCB91B0099EDDC /* SwiftUIAndStateMgmntTests.xctest */,
				97754F5E25BCB91B0099EDDC /* SwiftUIAndStateMgmntUITests.xctest */,
				97DD41B025C7604E0049FF78 /* Reducers.framework */,
				97DD41B825C7604E0049FF78 /* ReducersTests.xctest */,
				97DD41D725C760AA0049FF78 /* ComposableArchitecture.framework */,
				97DD41DF25C760AA0049FF78 /* ComposableArchitectureTests.xctest */,
				97375D3C25C8A712007E9AC5 /* FavoritePrimes.framework */,
				97375D4425C8A712007E9AC5 /* FavoritePrimesTests.xctest */,
				97375D9C25C8AF77007E9AC5 /* PrimeModal.framework */,
				97375DA425C8AF77007E9AC5 /* PrimeModalTests.xctest */,
				97375DE825C8B6FA007E9AC5 /* Counter.framework */,
				97375DF025C8B6FB007E9AC5 /* CounterTests.xctest */,
			);
			name = Products;
			sourceTree = "<group>";
		};
		97754F3F25BCB9190099EDDC /* SwiftUIAndStateMgmnt */ = {
			isa = PBXGroup;
			children = (
				973A52CC25BCD30C004BD18A /* Services */,
				973A52C325BCD248004BD18A /* Models */,
				97754F4025BCB9190099EDDC /* AppDelegate.swift */,
				97754F4225BCB9190099EDDC /* SceneDelegate.swift */,
				97754F4425BCB9190099EDDC /* ContentView.swift */,
				97754F4625BCB91B0099EDDC /* Assets.xcassets */,
				97754F4B25BCB91B0099EDDC /* LaunchScreen.storyboard */,
				97754F4E25BCB91B0099EDDC /* Info.plist */,
				97754F4825BCB91B0099EDDC /* Preview Content */,
			);
			path = SwiftUIAndStateMgmnt;
			sourceTree = "<group>";
		};
		97754F4825BCB91B0099EDDC /* Preview Content */ = {
			isa = PBXGroup;
			children = (
				97754F4925BCB91B0099EDDC /* Preview Assets.xcassets */,
			);
			path = "Preview Content";
			sourceTree = "<group>";
		};
		97754F5625BCB91B0099EDDC /* SwiftUIAndStateMgmntTests */ = {
			isa = PBXGroup;
			children = (
				97754F5725BCB91B0099EDDC /* SwiftUIAndStateMgmntTests.swift */,
				97754F5925BCB91B0099EDDC /* Info.plist */,
			);
			path = SwiftUIAndStateMgmntTests;
			sourceTree = "<group>";
		};
		97754F6125BCB91B0099EDDC /* SwiftUIAndStateMgmntUITests */ = {
			isa = PBXGroup;
			children = (
				97754F6225BCB91B0099EDDC /* SwiftUIAndStateMgmntUITests.swift */,
				97754F6425BCB91B0099EDDC /* Info.plist */,
			);
			path = SwiftUIAndStateMgmntUITests;
			sourceTree = "<group>";
		};
		97DD41B125C7604E0049FF78 /* Reducers */ = {
			isa = PBXGroup;
			children = (
				97DD41B225C7604E0049FF78 /* Reducers.h */,
				97DD41B325C7604E0049FF78 /* Info.plist */,
			);
			path = Reducers;
			sourceTree = "<group>";
		};
		97DD41BE25C7604E0049FF78 /* ReducersTests */ = {
			isa = PBXGroup;
			children = (
				97DD41BF25C7604E0049FF78 /* ReducersTests.swift */,
				97DD41C125C7604E0049FF78 /* Info.plist */,
			);
			path = ReducersTests;
			sourceTree = "<group>";
		};
		97DD41D825C760AA0049FF78 /* ComposableArchitecture */ = {
			isa = PBXGroup;
			children = (
				9778CB0225BE0C0300E969CF /* Store.swift */,
				97DD420125C7610A0049FF78 /* ComposeFunctions.swift */,
				97DD41D925C760AA0049FF78 /* ComposableArchitecture.h */,
				97DD41DA25C760AA0049FF78 /* Info.plist */,
			);
			path = ComposableArchitecture;
			sourceTree = "<group>";
		};
		97DD41E525C760AA0049FF78 /* ComposableArchitectureTests */ = {
			isa = PBXGroup;
			children = (
				97DD41E625C760AA0049FF78 /* ComposableArchitectureTests.swift */,
				97DD41E825C760AA0049FF78 /* Info.plist */,
			);
			path = ComposableArchitectureTests;
			sourceTree = "<group>";
		};
/* End PBXGroup section */

/* Begin PBXHeadersBuildPhase section */
		97375D3725C8A712007E9AC5 /* Headers */ = {
			isa = PBXHeadersBuildPhase;
			buildActionMask = 2147483647;
			files = (
				97375D4E25C8A712007E9AC5 /* FavoritePrimes.h in Headers */,
			);
			runOnlyForDeploymentPostprocessing = 0;
		};
		97375D9725C8AF77007E9AC5 /* Headers */ = {
			isa = PBXHeadersBuildPhase;
			buildActionMask = 2147483647;
			files = (
				97375DAE25C8AF77007E9AC5 /* PrimeModal.h in Headers */,
			);
			runOnlyForDeploymentPostprocessing = 0;
		};
		97375DE325C8B6FA007E9AC5 /* Headers */ = {
			isa = PBXHeadersBuildPhase;
			buildActionMask = 2147483647;
			files = (
				97375DFA25C8B6FB007E9AC5 /* Counter.h in Headers */,
			);
			runOnlyForDeploymentPostprocessing = 0;
		};
		97DD41AB25C7604E0049FF78 /* Headers */ = {
			isa = PBXHeadersBuildPhase;
			buildActionMask = 2147483647;
			files = (
				97DD41C225C7604E0049FF78 /* Reducers.h in Headers */,
			);
			runOnlyForDeploymentPostprocessing = 0;
		};
		97DD41D225C760AA0049FF78 /* Headers */ = {
			isa = PBXHeadersBuildPhase;
			buildActionMask = 2147483647;
			files = (
				97DD41E925C760AA0049FF78 /* ComposableArchitecture.h in Headers */,
			);
			runOnlyForDeploymentPostprocessing = 0;
		};
/* End PBXHeadersBuildPhase section */

/* Begin PBXNativeTarget section */
		97375D3B25C8A712007E9AC5 /* FavoritePrimes */ = {
			isa = PBXNativeTarget;
			buildConfigurationList = 97375D5725C8A712007E9AC5 /* Build configuration list for PBXNativeTarget "FavoritePrimes" */;
			buildPhases = (
				97375D3725C8A712007E9AC5 /* Headers */,
				97375D3825C8A712007E9AC5 /* Sources */,
				97375D3925C8A712007E9AC5 /* Frameworks */,
				97375D3A25C8A712007E9AC5 /* Resources */,
			);
			buildRules = (
			);
			dependencies = (
			);
			name = FavoritePrimes;
			productName = FavoritePrimes;
			productReference = 97375D3C25C8A712007E9AC5 /* FavoritePrimes.framework */;
			productType = "com.apple.product-type.framework";
		};
		97375D4325C8A712007E9AC5 /* FavoritePrimesTests */ = {
			isa = PBXNativeTarget;
			buildConfigurationList = 97375D5825C8A712007E9AC5 /* Build configuration list for PBXNativeTarget "FavoritePrimesTests" */;
			buildPhases = (
				97375D4025C8A712007E9AC5 /* Sources */,
				97375D4125C8A712007E9AC5 /* Frameworks */,
				97375D4225C8A712007E9AC5 /* Resources */,
			);
			buildRules = (
			);
			dependencies = (
				97375D4725C8A712007E9AC5 /* PBXTargetDependency */,
				97375D4925C8A712007E9AC5 /* PBXTargetDependency */,
			);
			name = FavoritePrimesTests;
			productName = FavoritePrimesTests;
			productReference = 97375D4425C8A712007E9AC5 /* FavoritePrimesTests.xctest */;
			productType = "com.apple.product-type.bundle.unit-test";
		};
		97375D9B25C8AF77007E9AC5 /* PrimeModal */ = {
			isa = PBXNativeTarget;
			buildConfigurationList = 97375DB325C8AF77007E9AC5 /* Build configuration list for PBXNativeTarget "PrimeModal" */;
			buildPhases = (
				97375D9725C8AF77007E9AC5 /* Headers */,
				97375D9825C8AF77007E9AC5 /* Sources */,
				97375D9925C8AF77007E9AC5 /* Frameworks */,
				97375D9A25C8AF77007E9AC5 /* Resources */,
			);
			buildRules = (
			);
			dependencies = (
			);
			name = PrimeModal;
			productName = PrimeModal;
			productReference = 97375D9C25C8AF77007E9AC5 /* PrimeModal.framework */;
			productType = "com.apple.product-type.framework";
		};
		97375DA325C8AF77007E9AC5 /* PrimeModalTests */ = {
			isa = PBXNativeTarget;
			buildConfigurationList = 97375DB625C8AF77007E9AC5 /* Build configuration list for PBXNativeTarget "PrimeModalTests" */;
			buildPhases = (
				97375DA025C8AF77007E9AC5 /* Sources */,
				97375DA125C8AF77007E9AC5 /* Frameworks */,
				97375DA225C8AF77007E9AC5 /* Resources */,
			);
			buildRules = (
			);
			dependencies = (
				97375DA725C8AF77007E9AC5 /* PBXTargetDependency */,
				97375DA925C8AF77007E9AC5 /* PBXTargetDependency */,
			);
			name = PrimeModalTests;
			productName = PrimeModalTests;
			productReference = 97375DA425C8AF77007E9AC5 /* PrimeModalTests.xctest */;
			productType = "com.apple.product-type.bundle.unit-test";
		};
		97375DE725C8B6FA007E9AC5 /* Counter */ = {
			isa = PBXNativeTarget;
			buildConfigurationList = 97375DFF25C8B6FB007E9AC5 /* Build configuration list for PBXNativeTarget "Counter" */;
			buildPhases = (
				97375DE325C8B6FA007E9AC5 /* Headers */,
				97375DE425C8B6FA007E9AC5 /* Sources */,
				97375DE525C8B6FA007E9AC5 /* Frameworks */,
				97375DE625C8B6FA007E9AC5 /* Resources */,
			);
			buildRules = (
			);
			dependencies = (
			);
			name = Counter;
			productName = Counter;
			productReference = 97375DE825C8B6FA007E9AC5 /* Counter.framework */;
			productType = "com.apple.product-type.framework";
		};
		97375DEF25C8B6FB007E9AC5 /* CounterTests */ = {
			isa = PBXNativeTarget;
			buildConfigurationList = 97375E0225C8B6FB007E9AC5 /* Build configuration list for PBXNativeTarget "CounterTests" */;
			buildPhases = (
				97375DEC25C8B6FB007E9AC5 /* Sources */,
				97375DED25C8B6FB007E9AC5 /* Frameworks */,
				97375DEE25C8B6FB007E9AC5 /* Resources */,
			);
			buildRules = (
			);
			dependencies = (
				97375DF325C8B6FB007E9AC5 /* PBXTargetDependency */,
				97375DF525C8B6FB007E9AC5 /* PBXTargetDependency */,
			);
			name = CounterTests;
			productName = CounterTests;
			productReference = 97375DF025C8B6FB007E9AC5 /* CounterTests.xctest */;
			productType = "com.apple.product-type.bundle.unit-test";
		};
		97754F3C25BCB9190099EDDC /* SwiftUIAndStateMgmnt */ = {
			isa = PBXNativeTarget;
			buildConfigurationList = 97754F6725BCB91B0099EDDC /* Build configuration list for PBXNativeTarget "SwiftUIAndStateMgmnt" */;
			buildPhases = (
				97754F3925BCB9190099EDDC /* Sources */,
				97754F3A25BCB9190099EDDC /* Frameworks */,
				97754F3B25BCB9190099EDDC /* Resources */,
				97DD41C725C7604E0049FF78 /* Embed Frameworks */,
			);
			buildRules = (
			);
			dependencies = (
				97DD41C425C7604E0049FF78 /* PBXTargetDependency */,
				97DD41EB25C760AA0049FF78 /* PBXTargetDependency */,
				97375D5025C8A712007E9AC5 /* PBXTargetDependency */,
				97375DB025C8AF77007E9AC5 /* PBXTargetDependency */,
				97375DFC25C8B6FB007E9AC5 /* PBXTargetDependency */,
			);
			name = SwiftUIAndStateMgmnt;
			productName = SwiftUIAndStateMgmnt;
			productReference = 97754F3D25BCB9190099EDDC /* SwiftUIAndStateMgmnt.app */;
			productType = "com.apple.product-type.application";
		};
		97754F5225BCB91B0099EDDC /* SwiftUIAndStateMgmntTests */ = {
			isa = PBXNativeTarget;
			buildConfigurationList = 97754F6A25BCB91B0099EDDC /* Build configuration list for PBXNativeTarget "SwiftUIAndStateMgmntTests" */;
			buildPhases = (
				97754F4F25BCB91B0099EDDC /* Sources */,
				97754F5025BCB91B0099EDDC /* Frameworks */,
				97754F5125BCB91B0099EDDC /* Resources */,
			);
			buildRules = (
			);
			dependencies = (
				97754F5525BCB91B0099EDDC /* PBXTargetDependency */,
			);
			name = SwiftUIAndStateMgmntTests;
			productName = SwiftUIAndStateMgmntTests;
			productReference = 97754F5325BCB91B0099EDDC /* SwiftUIAndStateMgmntTests.xctest */;
			productType = "com.apple.product-type.bundle.unit-test";
		};
		97754F5D25BCB91B0099EDDC /* SwiftUIAndStateMgmntUITests */ = {
			isa = PBXNativeTarget;
			buildConfigurationList = 97754F6D25BCB91B0099EDDC /* Build configuration list for PBXNativeTarget "SwiftUIAndStateMgmntUITests" */;
			buildPhases = (
				97754F5A25BCB91B0099EDDC /* Sources */,
				97754F5B25BCB91B0099EDDC /* Frameworks */,
				97754F5C25BCB91B0099EDDC /* Resources */,
			);
			buildRules = (
			);
			dependencies = (
				97754F6025BCB91B0099EDDC /* PBXTargetDependency */,
			);
			name = SwiftUIAndStateMgmntUITests;
			productName = SwiftUIAndStateMgmntUITests;
			productReference = 97754F5E25BCB91B0099EDDC /* SwiftUIAndStateMgmntUITests.xctest */;
			productType = "com.apple.product-type.bundle.ui-testing";
		};
		97DD41AF25C7604E0049FF78 /* Reducers */ = {
			isa = PBXNativeTarget;
			buildConfigurationList = 97DD41CC25C7604E0049FF78 /* Build configuration list for PBXNativeTarget "Reducers" */;
			buildPhases = (
				97DD41AB25C7604E0049FF78 /* Headers */,
				97DD41AC25C7604E0049FF78 /* Sources */,
				97DD41AD25C7604E0049FF78 /* Frameworks */,
				97DD41AE25C7604E0049FF78 /* Resources */,
			);
			buildRules = (
			);
			dependencies = (
			);
			name = Reducers;
			productName = Reducers;
			productReference = 97DD41B025C7604E0049FF78 /* Reducers.framework */;
			productType = "com.apple.product-type.framework";
		};
		97DD41B725C7604E0049FF78 /* ReducersTests */ = {
			isa = PBXNativeTarget;
			buildConfigurationList = 97DD41CD25C7604E0049FF78 /* Build configuration list for PBXNativeTarget "ReducersTests" */;
			buildPhases = (
				97DD41B425C7604E0049FF78 /* Sources */,
				97DD41B525C7604E0049FF78 /* Frameworks */,
				97DD41B625C7604E0049FF78 /* Resources */,
			);
			buildRules = (
			);
			dependencies = (
				97DD41BB25C7604E0049FF78 /* PBXTargetDependency */,
				97DD41BD25C7604E0049FF78 /* PBXTargetDependency */,
			);
			name = ReducersTests;
			productName = ReducersTests;
			productReference = 97DD41B825C7604E0049FF78 /* ReducersTests.xctest */;
			productType = "com.apple.product-type.bundle.unit-test";
		};
		97DD41D625C760AA0049FF78 /* ComposableArchitecture */ = {
			isa = PBXNativeTarget;
			buildConfigurationList = 97DD41EE25C760AA0049FF78 /* Build configuration list for PBXNativeTarget "ComposableArchitecture" */;
			buildPhases = (
				97DD41D225C760AA0049FF78 /* Headers */,
				97DD41D325C760AA0049FF78 /* Sources */,
				97DD41D425C760AA0049FF78 /* Frameworks */,
				97DD41D525C760AA0049FF78 /* Resources */,
			);
			buildRules = (
			);
			dependencies = (
			);
			name = ComposableArchitecture;
			productName = ComposableArchitecture;
			productReference = 97DD41D725C760AA0049FF78 /* ComposableArchitecture.framework */;
			productType = "com.apple.product-type.framework";
		};
		97DD41DE25C760AA0049FF78 /* ComposableArchitectureTests */ = {
			isa = PBXNativeTarget;
			buildConfigurationList = 97DD41F125C760AA0049FF78 /* Build configuration list for PBXNativeTarget "ComposableArchitectureTests" */;
			buildPhases = (
				97DD41DB25C760AA0049FF78 /* Sources */,
				97DD41DC25C760AA0049FF78 /* Frameworks */,
				97DD41DD25C760AA0049FF78 /* Resources */,
			);
			buildRules = (
			);
			dependencies = (
				97DD41E225C760AA0049FF78 /* PBXTargetDependency */,
				97DD41E425C760AA0049FF78 /* PBXTargetDependency */,
			);
			name = ComposableArchitectureTests;
			productName = ComposableArchitectureTests;
			productReference = 97DD41DF25C760AA0049FF78 /* ComposableArchitectureTests.xctest */;
			productType = "com.apple.product-type.bundle.unit-test";
		};
/* End PBXNativeTarget section */

/* Begin PBXProject section */
		97754F3525BCB9190099EDDC /* Project object */ = {
			isa = PBXProject;
			attributes = {
				LastSwiftUpdateCheck = 1230;
				LastUpgradeCheck = 1230;
				TargetAttributes = {
					97375D3B25C8A712007E9AC5 = {
						CreatedOnToolsVersion = 12.3;
					};
					97375D4325C8A712007E9AC5 = {
						CreatedOnToolsVersion = 12.3;
						TestTargetID = 97754F3C25BCB9190099EDDC;
					};
					97375D9B25C8AF77007E9AC5 = {
						CreatedOnToolsVersion = 12.3;
					};
					97375DA325C8AF77007E9AC5 = {
						CreatedOnToolsVersion = 12.3;
						TestTargetID = 97754F3C25BCB9190099EDDC;
					};
					97375DE725C8B6FA007E9AC5 = {
						CreatedOnToolsVersion = 12.3;
					};
					97375DEF25C8B6FB007E9AC5 = {
						CreatedOnToolsVersion = 12.3;
						TestTargetID = 97754F3C25BCB9190099EDDC;
					};
					97754F3C25BCB9190099EDDC = {
						CreatedOnToolsVersion = 12.3;
					};
					97754F5225BCB91B0099EDDC = {
						CreatedOnToolsVersion = 12.3;
						TestTargetID = 97754F3C25BCB9190099EDDC;
					};
					97754F5D25BCB91B0099EDDC = {
						CreatedOnToolsVersion = 12.3;
						TestTargetID = 97754F3C25BCB9190099EDDC;
					};
					97DD41AF25C7604E0049FF78 = {
						CreatedOnToolsVersion = 12.3;
						LastSwiftMigration = 1230;
					};
					97DD41B725C7604E0049FF78 = {
						CreatedOnToolsVersion = 12.3;
						TestTargetID = 97754F3C25BCB9190099EDDC;
					};
					97DD41D625C760AA0049FF78 = {
						CreatedOnToolsVersion = 12.3;
					};
					97DD41DE25C760AA0049FF78 = {
						CreatedOnToolsVersion = 12.3;
						TestTargetID = 97754F3C25BCB9190099EDDC;
					};
				};
			};
			buildConfigurationList = 97754F3825BCB9190099EDDC /* Build configuration list for PBXProject "SwiftUIAndStateMgmnt" */;
			compatibilityVersion = "Xcode 9.3";
			developmentRegion = en;
			hasScannedForEncodings = 0;
			knownRegions = (
				en,
				Base,
			);
			mainGroup = 97754F3425BCB9190099EDDC;
			productRefGroup = 97754F3E25BCB9190099EDDC /* Products */;
			projectDirPath = "";
			projectRoot = "";
			targets = (
				97754F3C25BCB9190099EDDC /* SwiftUIAndStateMgmnt */,
				97754F5225BCB91B0099EDDC /* SwiftUIAndStateMgmntTests */,
				97754F5D25BCB91B0099EDDC /* SwiftUIAndStateMgmntUITests */,
				97DD41AF25C7604E0049FF78 /* Reducers */,
				97DD41B725C7604E0049FF78 /* ReducersTests */,
				97DD41D625C760AA0049FF78 /* ComposableArchitecture */,
				97DD41DE25C760AA0049FF78 /* ComposableArchitectureTests */,
				97375D3B25C8A712007E9AC5 /* FavoritePrimes */,
				97375D4325C8A712007E9AC5 /* FavoritePrimesTests */,
				97375D9B25C8AF77007E9AC5 /* PrimeModal */,
				97375DA325C8AF77007E9AC5 /* PrimeModalTests */,
				97375DE725C8B6FA007E9AC5 /* Counter */,
				97375DEF25C8B6FB007E9AC5 /* CounterTests */,
			);
		};
/* End PBXProject section */

/* Begin PBXResourcesBuildPhase section */
		97375D3A25C8A712007E9AC5 /* Resources */ = {
			isa = PBXResourcesBuildPhase;
			buildActionMask = 2147483647;
			files = (
			);
			runOnlyForDeploymentPostprocessing = 0;
		};
		97375D4225C8A712007E9AC5 /* Resources */ = {
			isa = PBXResourcesBuildPhase;
			buildActionMask = 2147483647;
			files = (
			);
			runOnlyForDeploymentPostprocessing = 0;
		};
		97375D9A25C8AF77007E9AC5 /* Resources */ = {
			isa = PBXResourcesBuildPhase;
			buildActionMask = 2147483647;
			files = (
			);
			runOnlyForDeploymentPostprocessing = 0;
		};
		97375DA225C8AF77007E9AC5 /* Resources */ = {
			isa = PBXResourcesBuildPhase;
			buildActionMask = 2147483647;
			files = (
			);
			runOnlyForDeploymentPostprocessing = 0;
		};
		97375DE625C8B6FA007E9AC5 /* Resources */ = {
			isa = PBXResourcesBuildPhase;
			buildActionMask = 2147483647;
			files = (
			);
			runOnlyForDeploymentPostprocessing = 0;
		};
		97375DEE25C8B6FB007E9AC5 /* Resources */ = {
			isa = PBXResourcesBuildPhase;
			buildActionMask = 2147483647;
			files = (
			);
			runOnlyForDeploymentPostprocessing = 0;
		};
		97754F3B25BCB9190099EDDC /* Resources */ = {
			isa = PBXResourcesBuildPhase;
			buildActionMask = 2147483647;
			files = (
				97754F4D25BCB91B0099EDDC /* LaunchScreen.storyboard in Resources */,
				97754F4A25BCB91B0099EDDC /* Preview Assets.xcassets in Resources */,
				97754F4725BCB91B0099EDDC /* Assets.xcassets in Resources */,
			);
			runOnlyForDeploymentPostprocessing = 0;
		};
		97754F5125BCB91B0099EDDC /* Resources */ = {
			isa = PBXResourcesBuildPhase;
			buildActionMask = 2147483647;
			files = (
			);
			runOnlyForDeploymentPostprocessing = 0;
		};
		97754F5C25BCB91B0099EDDC /* Resources */ = {
			isa = PBXResourcesBuildPhase;
			buildActionMask = 2147483647;
			files = (
			);
			runOnlyForDeploymentPostprocessing = 0;
		};
		97DD41AE25C7604E0049FF78 /* Resources */ = {
			isa = PBXResourcesBuildPhase;
			buildActionMask = 2147483647;
			files = (
			);
			runOnlyForDeploymentPostprocessing = 0;
		};
		97DD41B625C7604E0049FF78 /* Resources */ = {
			isa = PBXResourcesBuildPhase;
			buildActionMask = 2147483647;
			files = (
			);
			runOnlyForDeploymentPostprocessing = 0;
		};
		97DD41D525C760AA0049FF78 /* Resources */ = {
			isa = PBXResourcesBuildPhase;
			buildActionMask = 2147483647;
			files = (
			);
			runOnlyForDeploymentPostprocessing = 0;
		};
		97DD41DD25C760AA0049FF78 /* Resources */ = {
			isa = PBXResourcesBuildPhase;
			buildActionMask = 2147483647;
			files = (
			);
			runOnlyForDeploymentPostprocessing = 0;
		};
/* End PBXResourcesBuildPhase section */

/* Begin PBXSourcesBuildPhase section */
		97375D3825C8A712007E9AC5 /* Sources */ = {
			isa = PBXSourcesBuildPhase;
			buildActionMask = 2147483647;
			files = (
				97375D7625C8A7DF007E9AC5 /* FavoritePrimesView.swift in Sources */,
				97375D7525C8A7DF007E9AC5 /* FavoritePrimesReducer.swift in Sources */,
			);
			runOnlyForDeploymentPostprocessing = 0;
		};
		97375D4025C8A712007E9AC5 /* Sources */ = {
			isa = PBXSourcesBuildPhase;
			buildActionMask = 2147483647;
			files = (
				97375D4C25C8A712007E9AC5 /* FavoritePrimesTests.swift in Sources */,
			);
			runOnlyForDeploymentPostprocessing = 0;
		};
		97375D9825C8AF77007E9AC5 /* Sources */ = {
			isa = PBXSourcesBuildPhase;
			buildActionMask = 2147483647;
			files = (
				97375DCE25C8AFA2007E9AC5 /* IsPrimeModalView.swift in Sources */,
				97375DC325C8AF88007E9AC5 /* PrimeModalReducer.swift in Sources */,
			);
			runOnlyForDeploymentPostprocessing = 0;
		};
		97375DA025C8AF77007E9AC5 /* Sources */ = {
			isa = PBXSourcesBuildPhase;
			buildActionMask = 2147483647;
			files = (
				97375DAC25C8AF77007E9AC5 /* PrimeModalTests.swift in Sources */,
			);
			runOnlyForDeploymentPostprocessing = 0;
		};
		97375DE425C8B6FA007E9AC5 /* Sources */ = {
			isa = PBXSourcesBuildPhase;
			buildActionMask = 2147483647;
			files = (
				97375E5025C8B77E007E9AC5 /* WolframAlphaResult.swift in Sources */,
				97375E1E25C8B716007E9AC5 /* CounterReducer.swift in Sources */,
				97375E1125C8B70A007E9AC5 /* CounterView.swift in Sources */,
				97375E4325C8B745007E9AC5 /* WebRequestsService.swift in Sources */,
			);
			runOnlyForDeploymentPostprocessing = 0;
		};
		97375DEC25C8B6FB007E9AC5 /* Sources */ = {
			isa = PBXSourcesBuildPhase;
			buildActionMask = 2147483647;
			files = (
				97375DF825C8B6FB007E9AC5 /* CounterTests.swift in Sources */,
			);
			runOnlyForDeploymentPostprocessing = 0;
		};
		97754F3925BCB9190099EDDC /* Sources */ = {
			isa = PBXSourcesBuildPhase;
			buildActionMask = 2147483647;
			files = (
				97754F4125BCB9190099EDDC /* AppDelegate.swift in Sources */,
				97754F4325BCB9190099EDDC /* SceneDelegate.swift in Sources */,
				97754F4525BCB9190099EDDC /* ContentView.swift in Sources */,
				9778CB1525BE3E6000E969CF /* FavoritePrimesState.swift in Sources */,
				9778CB1025BE28E400E969CF /* Reducers.swift in Sources */,
				97754F7425BCB93A0099EDDC /* AppState.swift in Sources */,
				9778CB0825BE0FC600E969CF /* AppActions.swift in Sources */,
			);
			runOnlyForDeploymentPostprocessing = 0;
		};
		97754F4F25BCB91B0099EDDC /* Sources */ = {
			isa = PBXSourcesBuildPhase;
			buildActionMask = 2147483647;
			files = (
				97754F5825BCB91B0099EDDC /* SwiftUIAndStateMgmntTests.swift in Sources */,
			);
			runOnlyForDeploymentPostprocessing = 0;
		};
		97754F5A25BCB91B0099EDDC /* Sources */ = {
			isa = PBXSourcesBuildPhase;
			buildActionMask = 2147483647;
			files = (
				97754F6325BCB91B0099EDDC /* SwiftUIAndStateMgmntUITests.swift in Sources */,
			);
			runOnlyForDeploymentPostprocessing = 0;
		};
		97DD41AC25C7604E0049FF78 /* Sources */ = {
			isa = PBXSourcesBuildPhase;
			buildActionMask = 2147483647;
			files = (
			);
			runOnlyForDeploymentPostprocessing = 0;
		};
		97DD41B425C7604E0049FF78 /* Sources */ = {
			isa = PBXSourcesBuildPhase;
			buildActionMask = 2147483647;
			files = (
				97DD41C025C7604E0049FF78 /* ReducersTests.swift in Sources */,
			);
			runOnlyForDeploymentPostprocessing = 0;
		};
		97DD41D325C760AA0049FF78 /* Sources */ = {
			isa = PBXSourcesBuildPhase;
			buildActionMask = 2147483647;
			files = (
				97DD420225C7610A0049FF78 /* ComposeFunctions.swift in Sources */,
				97DD41FA25C760DA0049FF78 /* Store.swift in Sources */,
			);
			runOnlyForDeploymentPostprocessing = 0;
		};
		97DD41DB25C760AA0049FF78 /* Sources */ = {
			isa = PBXSourcesBuildPhase;
			buildActionMask = 2147483647;
			files = (
				97DD41E725C760AA0049FF78 /* ComposableArchitectureTests.swift in Sources */,
			);
			runOnlyForDeploymentPostprocessing = 0;
		};
/* End PBXSourcesBuildPhase section */

/* Begin PBXTargetDependency section */
		97375D4725C8A712007E9AC5 /* PBXTargetDependency */ = {
			isa = PBXTargetDependency;
			target = 97375D3B25C8A712007E9AC5 /* FavoritePrimes */;
			targetProxy = 97375D4625C8A712007E9AC5 /* PBXContainerItemProxy */;
		};
		97375D4925C8A712007E9AC5 /* PBXTargetDependency */ = {
			isa = PBXTargetDependency;
			target = 97754F3C25BCB9190099EDDC /* SwiftUIAndStateMgmnt */;
			targetProxy = 97375D4825C8A712007E9AC5 /* PBXContainerItemProxy */;
		};
		97375D5025C8A712007E9AC5 /* PBXTargetDependency */ = {
			isa = PBXTargetDependency;
			target = 97375D3B25C8A712007E9AC5 /* FavoritePrimes */;
			targetProxy = 97375D4F25C8A712007E9AC5 /* PBXContainerItemProxy */;
		};
		97375DA725C8AF77007E9AC5 /* PBXTargetDependency */ = {
			isa = PBXTargetDependency;
			target = 97375D9B25C8AF77007E9AC5 /* PrimeModal */;
			targetProxy = 97375DA625C8AF77007E9AC5 /* PBXContainerItemProxy */;
		};
		97375DA925C8AF77007E9AC5 /* PBXTargetDependency */ = {
			isa = PBXTargetDependency;
			target = 97754F3C25BCB9190099EDDC /* SwiftUIAndStateMgmnt */;
			targetProxy = 97375DA825C8AF77007E9AC5 /* PBXContainerItemProxy */;
		};
		97375DB025C8AF77007E9AC5 /* PBXTargetDependency */ = {
			isa = PBXTargetDependency;
			target = 97375D9B25C8AF77007E9AC5 /* PrimeModal */;
			targetProxy = 97375DAF25C8AF77007E9AC5 /* PBXContainerItemProxy */;
		};
		97375DF325C8B6FB007E9AC5 /* PBXTargetDependency */ = {
			isa = PBXTargetDependency;
			target = 97375DE725C8B6FA007E9AC5 /* Counter */;
			targetProxy = 97375DF225C8B6FB007E9AC5 /* PBXContainerItemProxy */;
		};
		97375DF525C8B6FB007E9AC5 /* PBXTargetDependency */ = {
			isa = PBXTargetDependency;
			target = 97754F3C25BCB9190099EDDC /* SwiftUIAndStateMgmnt */;
			targetProxy = 97375DF425C8B6FB007E9AC5 /* PBXContainerItemProxy */;
		};
		97375DFC25C8B6FB007E9AC5 /* PBXTargetDependency */ = {
			isa = PBXTargetDependency;
			target = 97375DE725C8B6FA007E9AC5 /* Counter */;
			targetProxy = 97375DFB25C8B6FB007E9AC5 /* PBXContainerItemProxy */;
		};
		97754F5525BCB91B0099EDDC /* PBXTargetDependency */ = {
			isa = PBXTargetDependency;
			target = 97754F3C25BCB9190099EDDC /* SwiftUIAndStateMgmnt */;
			targetProxy = 97754F5425BCB91B0099EDDC /* PBXContainerItemProxy */;
		};
		97754F6025BCB91B0099EDDC /* PBXTargetDependency */ = {
			isa = PBXTargetDependency;
			target = 97754F3C25BCB9190099EDDC /* SwiftUIAndStateMgmnt */;
			targetProxy = 97754F5F25BCB91B0099EDDC /* PBXContainerItemProxy */;
		};
		97DD41BB25C7604E0049FF78 /* PBXTargetDependency */ = {
			isa = PBXTargetDependency;
			target = 97DD41AF25C7604E0049FF78 /* Reducers */;
			targetProxy = 97DD41BA25C7604E0049FF78 /* PBXContainerItemProxy */;
		};
		97DD41BD25C7604E0049FF78 /* PBXTargetDependency */ = {
			isa = PBXTargetDependency;
			target = 97754F3C25BCB9190099EDDC /* SwiftUIAndStateMgmnt */;
			targetProxy = 97DD41BC25C7604E0049FF78 /* PBXContainerItemProxy */;
		};
		97DD41C425C7604E0049FF78 /* PBXTargetDependency */ = {
			isa = PBXTargetDependency;
			target = 97DD41AF25C7604E0049FF78 /* Reducers */;
			targetProxy = 97DD41C325C7604E0049FF78 /* PBXContainerItemProxy */;
		};
		97DD41E225C760AA0049FF78 /* PBXTargetDependency */ = {
			isa = PBXTargetDependency;
			target = 97DD41D625C760AA0049FF78 /* ComposableArchitecture */;
			targetProxy = 97DD41E125C760AA0049FF78 /* PBXContainerItemProxy */;
		};
		97DD41E425C760AA0049FF78 /* PBXTargetDependency */ = {
			isa = PBXTargetDependency;
			target = 97754F3C25BCB9190099EDDC /* SwiftUIAndStateMgmnt */;
			targetProxy = 97DD41E325C760AA0049FF78 /* PBXContainerItemProxy */;
		};
		97DD41EB25C760AA0049FF78 /* PBXTargetDependency */ = {
			isa = PBXTargetDependency;
			target = 97DD41D625C760AA0049FF78 /* ComposableArchitecture */;
			targetProxy = 97DD41EA25C760AA0049FF78 /* PBXContainerItemProxy */;
		};
/* End PBXTargetDependency section */

/* Begin PBXVariantGroup section */
		97754F4B25BCB91B0099EDDC /* LaunchScreen.storyboard */ = {
			isa = PBXVariantGroup;
			children = (
				97754F4C25BCB91B0099EDDC /* Base */,
			);
			name = LaunchScreen.storyboard;
			sourceTree = "<group>";
		};
/* End PBXVariantGroup section */

/* Begin XCBuildConfiguration section */
		97375D5325C8A712007E9AC5 /* Debug */ = {
			isa = XCBuildConfiguration;
			buildSettings = {
				CODE_SIGN_STYLE = Automatic;
				CURRENT_PROJECT_VERSION = 1;
				DEFINES_MODULE = YES;
				DEVELOPMENT_TEAM = 4F25V2B22S;
				DYLIB_COMPATIBILITY_VERSION = 1;
				DYLIB_CURRENT_VERSION = 1;
				DYLIB_INSTALL_NAME_BASE = "@rpath";
				INFOPLIST_FILE = FavoritePrimes/Info.plist;
				INSTALL_PATH = "$(LOCAL_LIBRARY_DIR)/Frameworks";
				LD_RUNPATH_SEARCH_PATHS = (
					"$(inherited)",
					"@executable_path/Frameworks",
					"@loader_path/Frameworks",
				);
				PRODUCT_BUNDLE_IDENTIFIER = com.georgiivanov.FavoritePrimes;
				PRODUCT_NAME = "$(TARGET_NAME:c99extidentifier)";
				SKIP_INSTALL = YES;
				SWIFT_VERSION = 5.0;
				TARGETED_DEVICE_FAMILY = "1,2";
				VERSIONING_SYSTEM = "apple-generic";
				VERSION_INFO_PREFIX = "";
			};
			name = Debug;
		};
		97375D5425C8A712007E9AC5 /* Release */ = {
			isa = XCBuildConfiguration;
			buildSettings = {
				CODE_SIGN_STYLE = Automatic;
				CURRENT_PROJECT_VERSION = 1;
				DEFINES_MODULE = YES;
				DEVELOPMENT_TEAM = 4F25V2B22S;
				DYLIB_COMPATIBILITY_VERSION = 1;
				DYLIB_CURRENT_VERSION = 1;
				DYLIB_INSTALL_NAME_BASE = "@rpath";
				INFOPLIST_FILE = FavoritePrimes/Info.plist;
				INSTALL_PATH = "$(LOCAL_LIBRARY_DIR)/Frameworks";
				LD_RUNPATH_SEARCH_PATHS = (
					"$(inherited)",
					"@executable_path/Frameworks",
					"@loader_path/Frameworks",
				);
				PRODUCT_BUNDLE_IDENTIFIER = com.georgiivanov.FavoritePrimes;
				PRODUCT_NAME = "$(TARGET_NAME:c99extidentifier)";
				SKIP_INSTALL = YES;
				SWIFT_VERSION = 5.0;
				TARGETED_DEVICE_FAMILY = "1,2";
				VERSIONING_SYSTEM = "apple-generic";
				VERSION_INFO_PREFIX = "";
			};
			name = Release;
		};
		97375D5525C8A712007E9AC5 /* Debug */ = {
			isa = XCBuildConfiguration;
			buildSettings = {
				ALWAYS_EMBED_SWIFT_STANDARD_LIBRARIES = YES;
				CODE_SIGN_STYLE = Automatic;
				INFOPLIST_FILE = FavoritePrimesTests/Info.plist;
				LD_RUNPATH_SEARCH_PATHS = (
					"$(inherited)",
					"@executable_path/Frameworks",
					"@loader_path/Frameworks",
				);
				PRODUCT_BUNDLE_IDENTIFIER = com.georgiivanov.FavoritePrimesTests;
				PRODUCT_NAME = "$(TARGET_NAME)";
				SWIFT_VERSION = 5.0;
				TARGETED_DEVICE_FAMILY = "1,2";
				TEST_HOST = "$(BUILT_PRODUCTS_DIR)/SwiftUIAndStateMgmnt.app/SwiftUIAndStateMgmnt";
			};
			name = Debug;
		};
		97375D5625C8A712007E9AC5 /* Release */ = {
			isa = XCBuildConfiguration;
			buildSettings = {
				ALWAYS_EMBED_SWIFT_STANDARD_LIBRARIES = YES;
				CODE_SIGN_STYLE = Automatic;
				INFOPLIST_FILE = FavoritePrimesTests/Info.plist;
				LD_RUNPATH_SEARCH_PATHS = (
					"$(inherited)",
					"@executable_path/Frameworks",
					"@loader_path/Frameworks",
				);
				PRODUCT_BUNDLE_IDENTIFIER = com.georgiivanov.FavoritePrimesTests;
				PRODUCT_NAME = "$(TARGET_NAME)";
				SWIFT_VERSION = 5.0;
				TARGETED_DEVICE_FAMILY = "1,2";
				TEST_HOST = "$(BUILT_PRODUCTS_DIR)/SwiftUIAndStateMgmnt.app/SwiftUIAndStateMgmnt";
			};
			name = Release;
		};
		97375DB425C8AF77007E9AC5 /* Debug */ = {
			isa = XCBuildConfiguration;
			buildSettings = {
				CODE_SIGN_STYLE = Automatic;
				CURRENT_PROJECT_VERSION = 1;
				DEFINES_MODULE = YES;
				DEVELOPMENT_TEAM = 4F25V2B22S;
				DYLIB_COMPATIBILITY_VERSION = 1;
				DYLIB_CURRENT_VERSION = 1;
				DYLIB_INSTALL_NAME_BASE = "@rpath";
				INFOPLIST_FILE = PrimeModal/Info.plist;
				INSTALL_PATH = "$(LOCAL_LIBRARY_DIR)/Frameworks";
				LD_RUNPATH_SEARCH_PATHS = (
					"$(inherited)",
					"@executable_path/Frameworks",
					"@loader_path/Frameworks",
				);
				PRODUCT_BUNDLE_IDENTIFIER = com.georgiivanov.PrimeModal;
				PRODUCT_NAME = "$(TARGET_NAME:c99extidentifier)";
				SKIP_INSTALL = YES;
				SWIFT_VERSION = 5.0;
				TARGETED_DEVICE_FAMILY = "1,2";
				VERSIONING_SYSTEM = "apple-generic";
				VERSION_INFO_PREFIX = "";
			};
			name = Debug;
		};
		97375DB525C8AF77007E9AC5 /* Release */ = {
			isa = XCBuildConfiguration;
			buildSettings = {
				CODE_SIGN_STYLE = Automatic;
				CURRENT_PROJECT_VERSION = 1;
				DEFINES_MODULE = YES;
				DEVELOPMENT_TEAM = 4F25V2B22S;
				DYLIB_COMPATIBILITY_VERSION = 1;
				DYLIB_CURRENT_VERSION = 1;
				DYLIB_INSTALL_NAME_BASE = "@rpath";
				INFOPLIST_FILE = PrimeModal/Info.plist;
				INSTALL_PATH = "$(LOCAL_LIBRARY_DIR)/Frameworks";
				LD_RUNPATH_SEARCH_PATHS = (
					"$(inherited)",
					"@executable_path/Frameworks",
					"@loader_path/Frameworks",
				);
				PRODUCT_BUNDLE_IDENTIFIER = com.georgiivanov.PrimeModal;
				PRODUCT_NAME = "$(TARGET_NAME:c99extidentifier)";
				SKIP_INSTALL = YES;
				SWIFT_VERSION = 5.0;
				TARGETED_DEVICE_FAMILY = "1,2";
				VERSIONING_SYSTEM = "apple-generic";
				VERSION_INFO_PREFIX = "";
			};
			name = Release;
		};
		97375DB725C8AF77007E9AC5 /* Debug */ = {
			isa = XCBuildConfiguration;
			buildSettings = {
				ALWAYS_EMBED_SWIFT_STANDARD_LIBRARIES = YES;
				CODE_SIGN_STYLE = Automatic;
				INFOPLIST_FILE = PrimeModalTests/Info.plist;
				LD_RUNPATH_SEARCH_PATHS = (
					"$(inherited)",
					"@executable_path/Frameworks",
					"@loader_path/Frameworks",
				);
				PRODUCT_BUNDLE_IDENTIFIER = com.georgiivanov.PrimeModalTests;
				PRODUCT_NAME = "$(TARGET_NAME)";
				SWIFT_VERSION = 5.0;
				TARGETED_DEVICE_FAMILY = "1,2";
				TEST_HOST = "$(BUILT_PRODUCTS_DIR)/SwiftUIAndStateMgmnt.app/SwiftUIAndStateMgmnt";
			};
			name = Debug;
		};
		97375DB825C8AF77007E9AC5 /* Release */ = {
			isa = XCBuildConfiguration;
			buildSettings = {
				ALWAYS_EMBED_SWIFT_STANDARD_LIBRARIES = YES;
				CODE_SIGN_STYLE = Automatic;
				INFOPLIST_FILE = PrimeModalTests/Info.plist;
				LD_RUNPATH_SEARCH_PATHS = (
					"$(inherited)",
					"@executable_path/Frameworks",
					"@loader_path/Frameworks",
				);
				PRODUCT_BUNDLE_IDENTIFIER = com.georgiivanov.PrimeModalTests;
				PRODUCT_NAME = "$(TARGET_NAME)";
				SWIFT_VERSION = 5.0;
				TARGETED_DEVICE_FAMILY = "1,2";
				TEST_HOST = "$(BUILT_PRODUCTS_DIR)/SwiftUIAndStateMgmnt.app/SwiftUIAndStateMgmnt";
			};
			name = Release;
		};
		97375E0025C8B6FB007E9AC5 /* Debug */ = {
			isa = XCBuildConfiguration;
			buildSettings = {
				CODE_SIGN_STYLE = Automatic;
				CURRENT_PROJECT_VERSION = 1;
				DEFINES_MODULE = YES;
				DEVELOPMENT_TEAM = 4F25V2B22S;
				DYLIB_COMPATIBILITY_VERSION = 1;
				DYLIB_CURRENT_VERSION = 1;
				DYLIB_INSTALL_NAME_BASE = "@rpath";
				INFOPLIST_FILE = Counter/Info.plist;
				INSTALL_PATH = "$(LOCAL_LIBRARY_DIR)/Frameworks";
				LD_RUNPATH_SEARCH_PATHS = (
					"$(inherited)",
					"@executable_path/Frameworks",
					"@loader_path/Frameworks",
				);
				PRODUCT_BUNDLE_IDENTIFIER = com.georgiivanov.Counter;
				PRODUCT_NAME = "$(TARGET_NAME:c99extidentifier)";
				SKIP_INSTALL = YES;
				SWIFT_VERSION = 5.0;
				TARGETED_DEVICE_FAMILY = "1,2";
				VERSIONING_SYSTEM = "apple-generic";
				VERSION_INFO_PREFIX = "";
			};
			name = Debug;
		};
		97375E0125C8B6FB007E9AC5 /* Release */ = {
			isa = XCBuildConfiguration;
			buildSettings = {
				CODE_SIGN_STYLE = Automatic;
				CURRENT_PROJECT_VERSION = 1;
				DEFINES_MODULE = YES;
				DEVELOPMENT_TEAM = 4F25V2B22S;
				DYLIB_COMPATIBILITY_VERSION = 1;
				DYLIB_CURRENT_VERSION = 1;
				DYLIB_INSTALL_NAME_BASE = "@rpath";
				INFOPLIST_FILE = Counter/Info.plist;
				INSTALL_PATH = "$(LOCAL_LIBRARY_DIR)/Frameworks";
				LD_RUNPATH_SEARCH_PATHS = (
					"$(inherited)",
					"@executable_path/Frameworks",
					"@loader_path/Frameworks",
				);
				PRODUCT_BUNDLE_IDENTIFIER = com.georgiivanov.Counter;
				PRODUCT_NAME = "$(TARGET_NAME:c99extidentifier)";
				SKIP_INSTALL = YES;
				SWIFT_VERSION = 5.0;
				TARGETED_DEVICE_FAMILY = "1,2";
				VERSIONING_SYSTEM = "apple-generic";
				VERSION_INFO_PREFIX = "";
			};
			name = Release;
		};
		97375E0325C8B6FB007E9AC5 /* Debug */ = {
			isa = XCBuildConfiguration;
			buildSettings = {
				ALWAYS_EMBED_SWIFT_STANDARD_LIBRARIES = YES;
				CODE_SIGN_STYLE = Automatic;
				INFOPLIST_FILE = CounterTests/Info.plist;
				LD_RUNPATH_SEARCH_PATHS = (
					"$(inherited)",
					"@executable_path/Frameworks",
					"@loader_path/Frameworks",
				);
				PRODUCT_BUNDLE_IDENTIFIER = com.georgiivanov.CounterTests;
				PRODUCT_NAME = "$(TARGET_NAME)";
				SWIFT_VERSION = 5.0;
				TARGETED_DEVICE_FAMILY = "1,2";
				TEST_HOST = "$(BUILT_PRODUCTS_DIR)/SwiftUIAndStateMgmnt.app/SwiftUIAndStateMgmnt";
			};
			name = Debug;
		};
		97375E0425C8B6FB007E9AC5 /* Release */ = {
			isa = XCBuildConfiguration;
			buildSettings = {
				ALWAYS_EMBED_SWIFT_STANDARD_LIBRARIES = YES;
				CODE_SIGN_STYLE = Automatic;
				INFOPLIST_FILE = CounterTests/Info.plist;
				LD_RUNPATH_SEARCH_PATHS = (
					"$(inherited)",
					"@executable_path/Frameworks",
					"@loader_path/Frameworks",
				);
				PRODUCT_BUNDLE_IDENTIFIER = com.georgiivanov.CounterTests;
				PRODUCT_NAME = "$(TARGET_NAME)";
				SWIFT_VERSION = 5.0;
				TARGETED_DEVICE_FAMILY = "1,2";
				TEST_HOST = "$(BUILT_PRODUCTS_DIR)/SwiftUIAndStateMgmnt.app/SwiftUIAndStateMgmnt";
			};
			name = Release;
		};
		97754F6525BCB91B0099EDDC /* Debug */ = {
			isa = XCBuildConfiguration;
			buildSettings = {
				ALWAYS_SEARCH_USER_PATHS = NO;
				CLANG_ANALYZER_NONNULL = YES;
				CLANG_ANALYZER_NUMBER_OBJECT_CONVERSION = YES_AGGRESSIVE;
				CLANG_CXX_LANGUAGE_STANDARD = "gnu++14";
				CLANG_CXX_LIBRARY = "libc++";
				CLANG_ENABLE_MODULES = YES;
				CLANG_ENABLE_OBJC_ARC = YES;
				CLANG_ENABLE_OBJC_WEAK = YES;
				CLANG_WARN_BLOCK_CAPTURE_AUTORELEASING = YES;
				CLANG_WARN_BOOL_CONVERSION = YES;
				CLANG_WARN_COMMA = YES;
				CLANG_WARN_CONSTANT_CONVERSION = YES;
				CLANG_WARN_DEPRECATED_OBJC_IMPLEMENTATIONS = YES;
				CLANG_WARN_DIRECT_OBJC_ISA_USAGE = YES_ERROR;
				CLANG_WARN_DOCUMENTATION_COMMENTS = YES;
				CLANG_WARN_EMPTY_BODY = YES;
				CLANG_WARN_ENUM_CONVERSION = YES;
				CLANG_WARN_INFINITE_RECURSION = YES;
				CLANG_WARN_INT_CONVERSION = YES;
				CLANG_WARN_NON_LITERAL_NULL_CONVERSION = YES;
				CLANG_WARN_OBJC_IMPLICIT_RETAIN_SELF = YES;
				CLANG_WARN_OBJC_LITERAL_CONVERSION = YES;
				CLANG_WARN_OBJC_ROOT_CLASS = YES_ERROR;
				CLANG_WARN_QUOTED_INCLUDE_IN_FRAMEWORK_HEADER = YES;
				CLANG_WARN_RANGE_LOOP_ANALYSIS = YES;
				CLANG_WARN_STRICT_PROTOTYPES = YES;
				CLANG_WARN_SUSPICIOUS_MOVE = YES;
				CLANG_WARN_UNGUARDED_AVAILABILITY = YES_AGGRESSIVE;
				CLANG_WARN_UNREACHABLE_CODE = YES;
				CLANG_WARN__DUPLICATE_METHOD_MATCH = YES;
				COPY_PHASE_STRIP = NO;
				DEBUG_INFORMATION_FORMAT = dwarf;
				ENABLE_STRICT_OBJC_MSGSEND = YES;
				ENABLE_TESTABILITY = YES;
				GCC_C_LANGUAGE_STANDARD = gnu11;
				GCC_DYNAMIC_NO_PIC = NO;
				GCC_NO_COMMON_BLOCKS = YES;
				GCC_OPTIMIZATION_LEVEL = 0;
				GCC_PREPROCESSOR_DEFINITIONS = (
					"DEBUG=1",
					"$(inherited)",
				);
				GCC_WARN_64_TO_32_BIT_CONVERSION = YES;
				GCC_WARN_ABOUT_RETURN_TYPE = YES_ERROR;
				GCC_WARN_UNDECLARED_SELECTOR = YES;
				GCC_WARN_UNINITIALIZED_AUTOS = YES_AGGRESSIVE;
				GCC_WARN_UNUSED_FUNCTION = YES;
				GCC_WARN_UNUSED_VARIABLE = YES;
				IPHONEOS_DEPLOYMENT_TARGET = 14.3;
				MTL_ENABLE_DEBUG_INFO = INCLUDE_SOURCE;
				MTL_FAST_MATH = YES;
				ONLY_ACTIVE_ARCH = YES;
				SDKROOT = iphoneos;
				SWIFT_ACTIVE_COMPILATION_CONDITIONS = DEBUG;
				SWIFT_OPTIMIZATION_LEVEL = "-Onone";
			};
			name = Debug;
		};
		97754F6625BCB91B0099EDDC /* Release */ = {
			isa = XCBuildConfiguration;
			buildSettings = {
				ALWAYS_SEARCH_USER_PATHS = NO;
				CLANG_ANALYZER_NONNULL = YES;
				CLANG_ANALYZER_NUMBER_OBJECT_CONVERSION = YES_AGGRESSIVE;
				CLANG_CXX_LANGUAGE_STANDARD = "gnu++14";
				CLANG_CXX_LIBRARY = "libc++";
				CLANG_ENABLE_MODULES = YES;
				CLANG_ENABLE_OBJC_ARC = YES;
				CLANG_ENABLE_OBJC_WEAK = YES;
				CLANG_WARN_BLOCK_CAPTURE_AUTORELEASING = YES;
				CLANG_WARN_BOOL_CONVERSION = YES;
				CLANG_WARN_COMMA = YES;
				CLANG_WARN_CONSTANT_CONVERSION = YES;
				CLANG_WARN_DEPRECATED_OBJC_IMPLEMENTATIONS = YES;
				CLANG_WARN_DIRECT_OBJC_ISA_USAGE = YES_ERROR;
				CLANG_WARN_DOCUMENTATION_COMMENTS = YES;
				CLANG_WARN_EMPTY_BODY = YES;
				CLANG_WARN_ENUM_CONVERSION = YES;
				CLANG_WARN_INFINITE_RECURSION = YES;
				CLANG_WARN_INT_CONVERSION = YES;
				CLANG_WARN_NON_LITERAL_NULL_CONVERSION = YES;
				CLANG_WARN_OBJC_IMPLICIT_RETAIN_SELF = YES;
				CLANG_WARN_OBJC_LITERAL_CONVERSION = YES;
				CLANG_WARN_OBJC_ROOT_CLASS = YES_ERROR;
				CLANG_WARN_QUOTED_INCLUDE_IN_FRAMEWORK_HEADER = YES;
				CLANG_WARN_RANGE_LOOP_ANALYSIS = YES;
				CLANG_WARN_STRICT_PROTOTYPES = YES;
				CLANG_WARN_SUSPICIOUS_MOVE = YES;
				CLANG_WARN_UNGUARDED_AVAILABILITY = YES_AGGRESSIVE;
				CLANG_WARN_UNREACHABLE_CODE = YES;
				CLANG_WARN__DUPLICATE_METHOD_MATCH = YES;
				COPY_PHASE_STRIP = NO;
				DEBUG_INFORMATION_FORMAT = "dwarf-with-dsym";
				ENABLE_NS_ASSERTIONS = NO;
				ENABLE_STRICT_OBJC_MSGSEND = YES;
				GCC_C_LANGUAGE_STANDARD = gnu11;
				GCC_NO_COMMON_BLOCKS = YES;
				GCC_WARN_64_TO_32_BIT_CONVERSION = YES;
				GCC_WARN_ABOUT_RETURN_TYPE = YES_ERROR;
				GCC_WARN_UNDECLARED_SELECTOR = YES;
				GCC_WARN_UNINITIALIZED_AUTOS = YES_AGGRESSIVE;
				GCC_WARN_UNUSED_FUNCTION = YES;
				GCC_WARN_UNUSED_VARIABLE = YES;
				IPHONEOS_DEPLOYMENT_TARGET = 14.3;
				MTL_ENABLE_DEBUG_INFO = NO;
				MTL_FAST_MATH = YES;
				SDKROOT = iphoneos;
				SWIFT_COMPILATION_MODE = wholemodule;
				SWIFT_OPTIMIZATION_LEVEL = "-O";
				VALIDATE_PRODUCT = YES;
			};
			name = Release;
		};
		97754F6825BCB91B0099EDDC /* Debug */ = {
			isa = XCBuildConfiguration;
			buildSettings = {
				ALWAYS_EMBED_SWIFT_STANDARD_LIBRARIES = YES;
				ASSETCATALOG_COMPILER_APPICON_NAME = AppIcon;
				ASSETCATALOG_COMPILER_GLOBAL_ACCENT_COLOR_NAME = AccentColor;
				CODE_SIGN_STYLE = Automatic;
				DEVELOPMENT_ASSET_PATHS = "\"SwiftUIAndStateMgmnt/Preview Content\"";
				DEVELOPMENT_TEAM = 4F25V2B22S;
				ENABLE_PREVIEWS = YES;
				INFOPLIST_FILE = SwiftUIAndStateMgmnt/Info.plist;
				LD_RUNPATH_SEARCH_PATHS = (
					"$(inherited)",
					"@executable_path/Frameworks",
				);
				PRODUCT_BUNDLE_IDENTIFIER = com.georgiivanov.SwiftUIAndStateMgmnt;
				PRODUCT_NAME = "$(TARGET_NAME)";
				SWIFT_VERSION = 5.0;
				TARGETED_DEVICE_FAMILY = "1,2";
			};
			name = Debug;
		};
		97754F6925BCB91B0099EDDC /* Release */ = {
			isa = XCBuildConfiguration;
			buildSettings = {
				ALWAYS_EMBED_SWIFT_STANDARD_LIBRARIES = YES;
				ASSETCATALOG_COMPILER_APPICON_NAME = AppIcon;
				ASSETCATALOG_COMPILER_GLOBAL_ACCENT_COLOR_NAME = AccentColor;
				CODE_SIGN_STYLE = Automatic;
				DEVELOPMENT_ASSET_PATHS = "\"SwiftUIAndStateMgmnt/Preview Content\"";
				DEVELOPMENT_TEAM = 4F25V2B22S;
				ENABLE_PREVIEWS = YES;
				INFOPLIST_FILE = SwiftUIAndStateMgmnt/Info.plist;
				LD_RUNPATH_SEARCH_PATHS = (
					"$(inherited)",
					"@executable_path/Frameworks",
				);
				PRODUCT_BUNDLE_IDENTIFIER = com.georgiivanov.SwiftUIAndStateMgmnt;
				PRODUCT_NAME = "$(TARGET_NAME)";
				SWIFT_VERSION = 5.0;
				TARGETED_DEVICE_FAMILY = "1,2";
			};
			name = Release;
		};
		97754F6B25BCB91B0099EDDC /* Debug */ = {
			isa = XCBuildConfiguration;
			buildSettings = {
				ALWAYS_EMBED_SWIFT_STANDARD_LIBRARIES = YES;
				BUNDLE_LOADER = "$(TEST_HOST)";
				CODE_SIGN_STYLE = Automatic;
				INFOPLIST_FILE = SwiftUIAndStateMgmntTests/Info.plist;
				IPHONEOS_DEPLOYMENT_TARGET = 14.3;
				LD_RUNPATH_SEARCH_PATHS = (
					"$(inherited)",
					"@executable_path/Frameworks",
					"@loader_path/Frameworks",
				);
				PRODUCT_BUNDLE_IDENTIFIER = com.georgiivanov.SwiftUIAndStateMgmntTests;
				PRODUCT_NAME = "$(TARGET_NAME)";
				SWIFT_VERSION = 5.0;
				TARGETED_DEVICE_FAMILY = "1,2";
				TEST_HOST = "$(BUILT_PRODUCTS_DIR)/SwiftUIAndStateMgmnt.app/SwiftUIAndStateMgmnt";
			};
			name = Debug;
		};
		97754F6C25BCB91B0099EDDC /* Release */ = {
			isa = XCBuildConfiguration;
			buildSettings = {
				ALWAYS_EMBED_SWIFT_STANDARD_LIBRARIES = YES;
				BUNDLE_LOADER = "$(TEST_HOST)";
				CODE_SIGN_STYLE = Automatic;
				INFOPLIST_FILE = SwiftUIAndStateMgmntTests/Info.plist;
				IPHONEOS_DEPLOYMENT_TARGET = 14.3;
				LD_RUNPATH_SEARCH_PATHS = (
					"$(inherited)",
					"@executable_path/Frameworks",
					"@loader_path/Frameworks",
				);
				PRODUCT_BUNDLE_IDENTIFIER = com.georgiivanov.SwiftUIAndStateMgmntTests;
				PRODUCT_NAME = "$(TARGET_NAME)";
				SWIFT_VERSION = 5.0;
				TARGETED_DEVICE_FAMILY = "1,2";
				TEST_HOST = "$(BUILT_PRODUCTS_DIR)/SwiftUIAndStateMgmnt.app/SwiftUIAndStateMgmnt";
			};
			name = Release;
		};
		97754F6E25BCB91B0099EDDC /* Debug */ = {
			isa = XCBuildConfiguration;
			buildSettings = {
				ALWAYS_EMBED_SWIFT_STANDARD_LIBRARIES = YES;
				CODE_SIGN_STYLE = Automatic;
				INFOPLIST_FILE = SwiftUIAndStateMgmntUITests/Info.plist;
				LD_RUNPATH_SEARCH_PATHS = (
					"$(inherited)",
					"@executable_path/Frameworks",
					"@loader_path/Frameworks",
				);
				PRODUCT_BUNDLE_IDENTIFIER = com.georgiivanov.SwiftUIAndStateMgmntUITests;
				PRODUCT_NAME = "$(TARGET_NAME)";
				SWIFT_VERSION = 5.0;
				TARGETED_DEVICE_FAMILY = "1,2";
				TEST_TARGET_NAME = SwiftUIAndStateMgmnt;
			};
			name = Debug;
		};
		97754F6F25BCB91B0099EDDC /* Release */ = {
			isa = XCBuildConfiguration;
			buildSettings = {
				ALWAYS_EMBED_SWIFT_STANDARD_LIBRARIES = YES;
				CODE_SIGN_STYLE = Automatic;
				INFOPLIST_FILE = SwiftUIAndStateMgmntUITests/Info.plist;
				LD_RUNPATH_SEARCH_PATHS = (
					"$(inherited)",
					"@executable_path/Frameworks",
					"@loader_path/Frameworks",
				);
				PRODUCT_BUNDLE_IDENTIFIER = com.georgiivanov.SwiftUIAndStateMgmntUITests;
				PRODUCT_NAME = "$(TARGET_NAME)";
				SWIFT_VERSION = 5.0;
				TARGETED_DEVICE_FAMILY = "1,2";
				TEST_TARGET_NAME = SwiftUIAndStateMgmnt;
			};
			name = Release;
		};
		97DD41C825C7604E0049FF78 /* Debug */ = {
			isa = XCBuildConfiguration;
			buildSettings = {
				CLANG_ENABLE_MODULES = YES;
				CODE_SIGN_STYLE = Automatic;
				CURRENT_PROJECT_VERSION = 1;
				DEFINES_MODULE = YES;
				DEVELOPMENT_TEAM = 4F25V2B22S;
				DYLIB_COMPATIBILITY_VERSION = 1;
				DYLIB_CURRENT_VERSION = 1;
				DYLIB_INSTALL_NAME_BASE = "@rpath";
				INFOPLIST_FILE = Reducers/Info.plist;
				INSTALL_PATH = "$(LOCAL_LIBRARY_DIR)/Frameworks";
				LD_RUNPATH_SEARCH_PATHS = (
					"$(inherited)",
					"@executable_path/Frameworks",
					"@loader_path/Frameworks",
				);
				PRODUCT_BUNDLE_IDENTIFIER = com.georgiivanov.Reducers;
				PRODUCT_NAME = "$(TARGET_NAME:c99extidentifier)";
				SKIP_INSTALL = YES;
				SWIFT_OPTIMIZATION_LEVEL = "-Onone";
				SWIFT_VERSION = 5.0;
				TARGETED_DEVICE_FAMILY = "1,2";
				VERSIONING_SYSTEM = "apple-generic";
				VERSION_INFO_PREFIX = "";
			};
			name = Debug;
		};
		97DD41C925C7604E0049FF78 /* Release */ = {
			isa = XCBuildConfiguration;
			buildSettings = {
				CLANG_ENABLE_MODULES = YES;
				CODE_SIGN_STYLE = Automatic;
				CURRENT_PROJECT_VERSION = 1;
				DEFINES_MODULE = YES;
				DEVELOPMENT_TEAM = 4F25V2B22S;
				DYLIB_COMPATIBILITY_VERSION = 1;
				DYLIB_CURRENT_VERSION = 1;
				DYLIB_INSTALL_NAME_BASE = "@rpath";
				INFOPLIST_FILE = Reducers/Info.plist;
				INSTALL_PATH = "$(LOCAL_LIBRARY_DIR)/Frameworks";
				LD_RUNPATH_SEARCH_PATHS = (
					"$(inherited)",
					"@executable_path/Frameworks",
					"@loader_path/Frameworks",
				);
				PRODUCT_BUNDLE_IDENTIFIER = com.georgiivanov.Reducers;
				PRODUCT_NAME = "$(TARGET_NAME:c99extidentifier)";
				SKIP_INSTALL = YES;
				SWIFT_VERSION = 5.0;
				TARGETED_DEVICE_FAMILY = "1,2";
				VERSIONING_SYSTEM = "apple-generic";
				VERSION_INFO_PREFIX = "";
			};
			name = Release;
		};
		97DD41CA25C7604E0049FF78 /* Debug */ = {
			isa = XCBuildConfiguration;
			buildSettings = {
				CODE_SIGN_STYLE = Automatic;
				INFOPLIST_FILE = ReducersTests/Info.plist;
				LD_RUNPATH_SEARCH_PATHS = (
					"$(inherited)",
					"@executable_path/Frameworks",
					"@loader_path/Frameworks",
				);
				PRODUCT_BUNDLE_IDENTIFIER = com.georgiivanov.ReducersTests;
				PRODUCT_NAME = "$(TARGET_NAME)";
				SWIFT_VERSION = 5.0;
				TARGETED_DEVICE_FAMILY = "1,2";
				TEST_HOST = "$(BUILT_PRODUCTS_DIR)/SwiftUIAndStateMgmnt.app/SwiftUIAndStateMgmnt";
			};
			name = Debug;
		};
		97DD41CB25C7604E0049FF78 /* Release */ = {
			isa = XCBuildConfiguration;
			buildSettings = {
				CODE_SIGN_STYLE = Automatic;
				INFOPLIST_FILE = ReducersTests/Info.plist;
				LD_RUNPATH_SEARCH_PATHS = (
					"$(inherited)",
					"@executable_path/Frameworks",
					"@loader_path/Frameworks",
				);
				PRODUCT_BUNDLE_IDENTIFIER = com.georgiivanov.ReducersTests;
				PRODUCT_NAME = "$(TARGET_NAME)";
				SWIFT_VERSION = 5.0;
				TARGETED_DEVICE_FAMILY = "1,2";
				TEST_HOST = "$(BUILT_PRODUCTS_DIR)/SwiftUIAndStateMgmnt.app/SwiftUIAndStateMgmnt";
			};
			name = Release;
		};
		97DD41EF25C760AA0049FF78 /* Debug */ = {
			isa = XCBuildConfiguration;
			buildSettings = {
				CODE_SIGN_STYLE = Automatic;
				CURRENT_PROJECT_VERSION = 1;
				DEFINES_MODULE = YES;
				DEVELOPMENT_TEAM = 4F25V2B22S;
				DYLIB_COMPATIBILITY_VERSION = 1;
				DYLIB_CURRENT_VERSION = 1;
				DYLIB_INSTALL_NAME_BASE = "@rpath";
				INFOPLIST_FILE = ComposableArchitecture/Info.plist;
				INSTALL_PATH = "$(LOCAL_LIBRARY_DIR)/Frameworks";
				LD_RUNPATH_SEARCH_PATHS = (
					"$(inherited)",
					"@executable_path/Frameworks",
					"@loader_path/Frameworks",
				);
				PRODUCT_BUNDLE_IDENTIFIER = com.georgiivanov.ComposableArchitecture;
				PRODUCT_NAME = "$(TARGET_NAME:c99extidentifier)";
				SKIP_INSTALL = YES;
				SWIFT_VERSION = 5.0;
				TARGETED_DEVICE_FAMILY = "1,2";
				VERSIONING_SYSTEM = "apple-generic";
				VERSION_INFO_PREFIX = "";
			};
			name = Debug;
		};
		97DD41F025C760AA0049FF78 /* Release */ = {
			isa = XCBuildConfiguration;
			buildSettings = {
				CODE_SIGN_STYLE = Automatic;
				CURRENT_PROJECT_VERSION = 1;
				DEFINES_MODULE = YES;
				DEVELOPMENT_TEAM = 4F25V2B22S;
				DYLIB_COMPATIBILITY_VERSION = 1;
				DYLIB_CURRENT_VERSION = 1;
				DYLIB_INSTALL_NAME_BASE = "@rpath";
				INFOPLIST_FILE = ComposableArchitecture/Info.plist;
				INSTALL_PATH = "$(LOCAL_LIBRARY_DIR)/Frameworks";
				LD_RUNPATH_SEARCH_PATHS = (
					"$(inherited)",
					"@executable_path/Frameworks",
					"@loader_path/Frameworks",
				);
				PRODUCT_BUNDLE_IDENTIFIER = com.georgiivanov.ComposableArchitecture;
				PRODUCT_NAME = "$(TARGET_NAME:c99extidentifier)";
				SKIP_INSTALL = YES;
				SWIFT_VERSION = 5.0;
				TARGETED_DEVICE_FAMILY = "1,2";
				VERSIONING_SYSTEM = "apple-generic";
				VERSION_INFO_PREFIX = "";
			};
			name = Release;
		};
		97DD41F225C760AA0049FF78 /* Debug */ = {
			isa = XCBuildConfiguration;
			buildSettings = {
				ALWAYS_EMBED_SWIFT_STANDARD_LIBRARIES = YES;
				CODE_SIGN_STYLE = Automatic;
				INFOPLIST_FILE = ComposableArchitectureTests/Info.plist;
				LD_RUNPATH_SEARCH_PATHS = (
					"$(inherited)",
					"@executable_path/Frameworks",
					"@loader_path/Frameworks",
				);
				PRODUCT_BUNDLE_IDENTIFIER = com.georgiivanov.ComposableArchitectureTests;
				PRODUCT_NAME = "$(TARGET_NAME)";
				SWIFT_VERSION = 5.0;
				TARGETED_DEVICE_FAMILY = "1,2";
				TEST_HOST = "$(BUILT_PRODUCTS_DIR)/SwiftUIAndStateMgmnt.app/SwiftUIAndStateMgmnt";
			};
			name = Debug;
		};
		97DD41F325C760AA0049FF78 /* Release */ = {
			isa = XCBuildConfiguration;
			buildSettings = {
				ALWAYS_EMBED_SWIFT_STANDARD_LIBRARIES = YES;
				CODE_SIGN_STYLE = Automatic;
				INFOPLIST_FILE = ComposableArchitectureTests/Info.plist;
				LD_RUNPATH_SEARCH_PATHS = (
					"$(inherited)",
					"@executable_path/Frameworks",
					"@loader_path/Frameworks",
				);
				PRODUCT_BUNDLE_IDENTIFIER = com.georgiivanov.ComposableArchitectureTests;
				PRODUCT_NAME = "$(TARGET_NAME)";
				SWIFT_VERSION = 5.0;
				TARGETED_DEVICE_FAMILY = "1,2";
				TEST_HOST = "$(BUILT_PRODUCTS_DIR)/SwiftUIAndStateMgmnt.app/SwiftUIAndStateMgmnt";
			};
			name = Release;
		};
/* End XCBuildConfiguration section */

/* Begin XCConfigurationList section */
		97375D5725C8A712007E9AC5 /* Build configuration list for PBXNativeTarget "FavoritePrimes" */ = {
			isa = XCConfigurationList;
			buildConfigurations = (
				97375D5325C8A712007E9AC5 /* Debug */,
				97375D5425C8A712007E9AC5 /* Release */,
			);
			defaultConfigurationIsVisible = 0;
			defaultConfigurationName = Release;
		};
		97375D5825C8A712007E9AC5 /* Build configuration list for PBXNativeTarget "FavoritePrimesTests" */ = {
			isa = XCConfigurationList;
			buildConfigurations = (
				97375D5525C8A712007E9AC5 /* Debug */,
				97375D5625C8A712007E9AC5 /* Release */,
			);
			defaultConfigurationIsVisible = 0;
			defaultConfigurationName = Release;
		};
		97375DB325C8AF77007E9AC5 /* Build configuration list for PBXNativeTarget "PrimeModal" */ = {
			isa = XCConfigurationList;
			buildConfigurations = (
				97375DB425C8AF77007E9AC5 /* Debug */,
				97375DB525C8AF77007E9AC5 /* Release */,
			);
			defaultConfigurationIsVisible = 0;
			defaultConfigurationName = Release;
		};
		97375DB625C8AF77007E9AC5 /* Build configuration list for PBXNativeTarget "PrimeModalTests" */ = {
			isa = XCConfigurationList;
			buildConfigurations = (
				97375DB725C8AF77007E9AC5 /* Debug */,
				97375DB825C8AF77007E9AC5 /* Release */,
			);
			defaultConfigurationIsVisible = 0;
			defaultConfigurationName = Release;
		};
		97375DFF25C8B6FB007E9AC5 /* Build configuration list for PBXNativeTarget "Counter" */ = {
			isa = XCConfigurationList;
			buildConfigurations = (
				97375E0025C8B6FB007E9AC5 /* Debug */,
				97375E0125C8B6FB007E9AC5 /* Release */,
			);
			defaultConfigurationIsVisible = 0;
			defaultConfigurationName = Release;
		};
		97375E0225C8B6FB007E9AC5 /* Build configuration list for PBXNativeTarget "CounterTests" */ = {
			isa = XCConfigurationList;
			buildConfigurations = (
				97375E0325C8B6FB007E9AC5 /* Debug */,
				97375E0425C8B6FB007E9AC5 /* Release */,
			);
			defaultConfigurationIsVisible = 0;
			defaultConfigurationName = Release;
		};
		97754F3825BCB9190099EDDC /* Build configuration list for PBXProject "SwiftUIAndStateMgmnt" */ = {
			isa = XCConfigurationList;
			buildConfigurations = (
				97754F6525BCB91B0099EDDC /* Debug */,
				97754F6625BCB91B0099EDDC /* Release */,
			);
			defaultConfigurationIsVisible = 0;
			defaultConfigurationName = Release;
		};
		97754F6725BCB91B0099EDDC /* Build configuration list for PBXNativeTarget "SwiftUIAndStateMgmnt" */ = {
			isa = XCConfigurationList;
			buildConfigurations = (
				97754F6825BCB91B0099EDDC /* Debug */,
				97754F6925BCB91B0099EDDC /* Release */,
			);
			defaultConfigurationIsVisible = 0;
			defaultConfigurationName = Release;
		};
		97754F6A25BCB91B0099EDDC /* Build configuration list for PBXNativeTarget "SwiftUIAndStateMgmntTests" */ = {
			isa = XCConfigurationList;
			buildConfigurations = (
				97754F6B25BCB91B0099EDDC /* Debug */,
				97754F6C25BCB91B0099EDDC /* Release */,
			);
			defaultConfigurationIsVisible = 0;
			defaultConfigurationName = Release;
		};
		97754F6D25BCB91B0099EDDC /* Build configuration list for PBXNativeTarget "SwiftUIAndStateMgmntUITests" */ = {
			isa = XCConfigurationList;
			buildConfigurations = (
				97754F6E25BCB91B0099EDDC /* Debug */,
				97754F6F25BCB91B0099EDDC /* Release */,
			);
			defaultConfigurationIsVisible = 0;
			defaultConfigurationName = Release;
		};
		97DD41CC25C7604E0049FF78 /* Build configuration list for PBXNativeTarget "Reducers" */ = {
			isa = XCConfigurationList;
			buildConfigurations = (
				97DD41C825C7604E0049FF78 /* Debug */,
				97DD41C925C7604E0049FF78 /* Release */,
			);
			defaultConfigurationIsVisible = 0;
			defaultConfigurationName = Release;
		};
		97DD41CD25C7604E0049FF78 /* Build configuration list for PBXNativeTarget "ReducersTests" */ = {
			isa = XCConfigurationList;
			buildConfigurations = (
				97DD41CA25C7604E0049FF78 /* Debug */,
				97DD41CB25C7604E0049FF78 /* Release */,
			);
			defaultConfigurationIsVisible = 0;
			defaultConfigurationName = Release;
		};
		97DD41EE25C760AA0049FF78 /* Build configuration list for PBXNativeTarget "ComposableArchitecture" */ = {
			isa = XCConfigurationList;
			buildConfigurations = (
				97DD41EF25C760AA0049FF78 /* Debug */,
				97DD41F025C760AA0049FF78 /* Release */,
			);
			defaultConfigurationIsVisible = 0;
			defaultConfigurationName = Release;
		};
		97DD41F125C760AA0049FF78 /* Build configuration list for PBXNativeTarget "ComposableArchitectureTests" */ = {
			isa = XCConfigurationList;
			buildConfigurations = (
				97DD41F225C760AA0049FF78 /* Debug */,
				97DD41F325C760AA0049FF78 /* Release */,
			);
			defaultConfigurationIsVisible = 0;
			defaultConfigurationName = Release;
		};
/* End XCConfigurationList section */
	};
	rootObject = 97754F3525BCB9190099EDDC /* Project object */;
}
